// !$*UTF8*$!
{
	archiveVersion = 1;
	classes = {
	};
	objectVersion = 77;
	objects = {

/* Begin PBXBuildFile section */
		120648AC16585910F95E25EE /* libPods-noah-common-Noah-Signet.a in Frameworks */ = {isa = PBXBuildFile; fileRef = B2CF17E77D223D7EC1A61FF9 /* libPods-noah-common-Noah-Signet.a */; };
		13B07FBF1A68108700A75B9A /* Images.xcassets in Resources */ = {isa = PBXBuildFile; fileRef = 13B07FB51A68108700A75B9A /* Images.xcassets */; };
		3E461D99554A48A4959DE609 /* SplashScreen.storyboard in Resources */ = {isa = PBXBuildFile; fileRef = AA286B85B6C04FC6940260E9 /* SplashScreen.storyboard */; };
		601942D0AB763A941862EDE2 /* ExpoModulesProvider.swift in Sources */ = {isa = PBXBuildFile; fileRef = 8B5FFA8A288023BD8CCB7C91 /* ExpoModulesProvider.swift */; };
		7DF2E503400EE172682AF07B /* ExpoModulesProvider.swift in Sources */ = {isa = PBXBuildFile; fileRef = 194A6B6E30A419C337CB1BC7 /* ExpoModulesProvider.swift */; };
		90A46AE18A163BF183119CB6 /* ExpoModulesProvider.swift in Sources */ = {isa = PBXBuildFile; fileRef = DC16E7980CEC87034661C98D /* ExpoModulesProvider.swift */; };
		A29D6E062D7F45109FBD3DBF /* noah.icon in Resources */ = {isa = PBXBuildFile; fileRef = 4750FC36FC574FD6949E1B64 /* noah.icon */; };
		B9EBC327DB966506782A2DA8 /* libPods-noah-common-Noah.a in Frameworks */ = {isa = PBXBuildFile; fileRef = F063A0268003AC078FBB106F /* libPods-noah-common-Noah.a */; };
		BB2F792D24A3F905000567C9 /* Expo.plist in Resources */ = {isa = PBXBuildFile; fileRef = BB2F792C24A3F905000567C9 /* Expo.plist */; };
		C39DD7062E0C95AF000CB6A9 /* AppDelegate.swift in Sources */ = {isa = PBXBuildFile; fileRef = F11748412D0307B40044C1D9 /* AppDelegate.swift */; };
		C39DD70B2E0C95AF000CB6A9 /* Expo.plist in Resources */ = {isa = PBXBuildFile; fileRef = BB2F792C24A3F905000567C9 /* Expo.plist */; };
		C39DD70C2E0C95AF000CB6A9 /* Images.xcassets in Resources */ = {isa = PBXBuildFile; fileRef = 13B07FB51A68108700A75B9A /* Images.xcassets */; };
		C39DD70D2E0C95AF000CB6A9 /* SplashScreen.storyboard in Resources */ = {isa = PBXBuildFile; fileRef = AA286B85B6C04FC6940260E9 /* SplashScreen.storyboard */; };
		C39DD70E2E0C95AF000CB6A9 /* PrivacyInfo.xcprivacy in Resources */ = {isa = PBXBuildFile; fileRef = 85BF3676FE0AADD8774596BB /* PrivacyInfo.xcprivacy */; };
		C39DD71B2E0C973E000CB6A9 /* AppDelegate.swift in Sources */ = {isa = PBXBuildFile; fileRef = F11748412D0307B40044C1D9 /* AppDelegate.swift */; };
		C39DD7202E0C973E000CB6A9 /* Expo.plist in Resources */ = {isa = PBXBuildFile; fileRef = BB2F792C24A3F905000567C9 /* Expo.plist */; };
		C39DD7212E0C973E000CB6A9 /* Images.xcassets in Resources */ = {isa = PBXBuildFile; fileRef = 13B07FB51A68108700A75B9A /* Images.xcassets */; };
		C39DD7222E0C973E000CB6A9 /* SplashScreen.storyboard in Resources */ = {isa = PBXBuildFile; fileRef = AA286B85B6C04FC6940260E9 /* SplashScreen.storyboard */; };
		C39DD7232E0C973E000CB6A9 /* PrivacyInfo.xcprivacy in Resources */ = {isa = PBXBuildFile; fileRef = 85BF3676FE0AADD8774596BB /* PrivacyInfo.xcprivacy */; };
		C39DD7452E0C9DF1000CB6A9 /* regtest.xcconfig in Resources */ = {isa = PBXBuildFile; fileRef = C39DD7422E0C9DF1000CB6A9 /* regtest.xcconfig */; };
		C39DD7462E0C9DF1000CB6A9 /* Debug.xcconfig in Resources */ = {isa = PBXBuildFile; fileRef = C39DD7402E0C9DF1000CB6A9 /* Debug.xcconfig */; };
		C39DD7472E0C9DF1000CB6A9 /* signet.xcconfig in Resources */ = {isa = PBXBuildFile; fileRef = C39DD7442E0C9DF1000CB6A9 /* signet.xcconfig */; };
		C39DD7482E0C9DF1000CB6A9 /* mainnet.xcconfig in Resources */ = {isa = PBXBuildFile; fileRef = C39DD7412E0C9DF1000CB6A9 /* mainnet.xcconfig */; };
		C39DD7492E0C9DF1000CB6A9 /* Release.xcconfig in Resources */ = {isa = PBXBuildFile; fileRef = C39DD7432E0C9DF1000CB6A9 /* Release.xcconfig */; };
		C39DD74A2E0C9DF1000CB6A9 /* regtest.xcconfig in Resources */ = {isa = PBXBuildFile; fileRef = C39DD7422E0C9DF1000CB6A9 /* regtest.xcconfig */; };
		C39DD74B2E0C9DF1000CB6A9 /* Debug.xcconfig in Resources */ = {isa = PBXBuildFile; fileRef = C39DD7402E0C9DF1000CB6A9 /* Debug.xcconfig */; };
		C39DD74C2E0C9DF1000CB6A9 /* signet.xcconfig in Resources */ = {isa = PBXBuildFile; fileRef = C39DD7442E0C9DF1000CB6A9 /* signet.xcconfig */; };
		C39DD74D2E0C9DF1000CB6A9 /* mainnet.xcconfig in Resources */ = {isa = PBXBuildFile; fileRef = C39DD7412E0C9DF1000CB6A9 /* mainnet.xcconfig */; };
		C39DD74E2E0C9DF1000CB6A9 /* Release.xcconfig in Resources */ = {isa = PBXBuildFile; fileRef = C39DD7432E0C9DF1000CB6A9 /* Release.xcconfig */; };
		C39DD74F2E0C9DF1000CB6A9 /* regtest.xcconfig in Resources */ = {isa = PBXBuildFile; fileRef = C39DD7422E0C9DF1000CB6A9 /* regtest.xcconfig */; };
		C39DD7502E0C9DF1000CB6A9 /* Debug.xcconfig in Resources */ = {isa = PBXBuildFile; fileRef = C39DD7402E0C9DF1000CB6A9 /* Debug.xcconfig */; };
		C39DD7512E0C9DF1000CB6A9 /* signet.xcconfig in Resources */ = {isa = PBXBuildFile; fileRef = C39DD7442E0C9DF1000CB6A9 /* signet.xcconfig */; };
		C39DD7522E0C9DF1000CB6A9 /* mainnet.xcconfig in Resources */ = {isa = PBXBuildFile; fileRef = C39DD7412E0C9DF1000CB6A9 /* mainnet.xcconfig */; };
		C39DD7532E0C9DF1000CB6A9 /* Release.xcconfig in Resources */ = {isa = PBXBuildFile; fileRef = C39DD7432E0C9DF1000CB6A9 /* Release.xcconfig */; };
		C3C8E7032EC4DF3A00A7BF32 /* WidgetKit.framework in Frameworks */ = {isa = PBXBuildFile; fileRef = C379B55F2EC4D043004DFDC1 /* WidgetKit.framework */; };
		C3C8E7042EC4DF3A00A7BF32 /* SwiftUI.framework in Frameworks */ = {isa = PBXBuildFile; fileRef = C379B5612EC4D043004DFDC1 /* SwiftUI.framework */; };
		C3C8E7132EC4DF3C00A7BF32 /* NoahWidgetSignetExtension.appex in Embed Foundation Extensions */ = {isa = PBXBuildFile; fileRef = C3C8E7022EC4DF3A00A7BF32 /* NoahWidgetSignetExtension.appex */; settings = {ATTRIBUTES = (RemoveHeadersOnCopy, ); }; };
		C3C8E71F2EC4DFD200A7BF32 /* WidgetKit.framework in Frameworks */ = {isa = PBXBuildFile; fileRef = C379B55F2EC4D043004DFDC1 /* WidgetKit.framework */; };
		C3C8E7202EC4DFD200A7BF32 /* SwiftUI.framework in Frameworks */ = {isa = PBXBuildFile; fileRef = C379B5612EC4D043004DFDC1 /* SwiftUI.framework */; };
		C3C8E72F2EC4DFD300A7BF32 /* NoahWidgetMainnetExtension.appex in Embed Foundation Extensions */ = {isa = PBXBuildFile; fileRef = C3C8E71E2EC4DFD200A7BF32 /* NoahWidgetMainnetExtension.appex */; settings = {ATTRIBUTES = (RemoveHeadersOnCopy, ); }; };
		C3C8E73B2EC4E26A00A7BF32 /* WidgetKit.framework in Frameworks */ = {isa = PBXBuildFile; fileRef = C379B55F2EC4D043004DFDC1 /* WidgetKit.framework */; };
		C3C8E73C2EC4E26A00A7BF32 /* SwiftUI.framework in Frameworks */ = {isa = PBXBuildFile; fileRef = C379B5612EC4D043004DFDC1 /* SwiftUI.framework */; };
		C3C8E74B2EC4E26C00A7BF32 /* NoahWidgetRegtestExtension.appex in Embed Foundation Extensions */ = {isa = PBXBuildFile; fileRef = C3C8E73A2EC4E26A00A7BF32 /* NoahWidgetRegtestExtension.appex */; settings = {ATTRIBUTES = (RemoveHeadersOnCopy, ); }; };
		C3C8E7BF2EC4E76200A7BF32 /* NoahBalanceWidget.swift in Sources */ = {isa = PBXBuildFile; fileRef = C3C8E7BD2EC4E76200A7BF32 /* NoahBalanceWidget.swift */; };
		C3C8E7C02EC4E76200A7BF32 /* NoahBalanceWidget.swift in Sources */ = {isa = PBXBuildFile; fileRef = C3C8E7BD2EC4E76200A7BF32 /* NoahBalanceWidget.swift */; };
		C3C8E7C12EC4E76200A7BF32 /* NoahBalanceWidget.swift in Sources */ = {isa = PBXBuildFile; fileRef = C3C8E7BD2EC4E76200A7BF32 /* NoahBalanceWidget.swift */; };
		CA8E7DBCEC9E6E009AE73E55 /* libPods-noah-common-Noah-Regtest.a in Frameworks */ = {isa = PBXBuildFile; fileRef = 15E9565EA1DE87BD39B4B5F6 /* libPods-noah-common-Noah-Regtest.a */; };
		D3D633A1D9AE43648FFAF40A /* noah.icon in Resources */ = {isa = PBXBuildFile; fileRef = 4750FC36FC574FD6949E1B64 /* noah.icon */; };
		E81A2591A16B4F638AE6A01C /* noah.icon in Resources */ = {isa = PBXBuildFile; fileRef = 4750FC36FC574FD6949E1B64 /* noah.icon */; };
		F11748422D0307B40044C1D9 /* AppDelegate.swift in Sources */ = {isa = PBXBuildFile; fileRef = F11748412D0307B40044C1D9 /* AppDelegate.swift */; };
		F15172581494608E186E1FD8 /* PrivacyInfo.xcprivacy in Resources */ = {isa = PBXBuildFile; fileRef = 85BF3676FE0AADD8774596BB /* PrivacyInfo.xcprivacy */; };
/* End PBXBuildFile section */

/* Begin PBXContainerItemProxy section */
		C3C8E7112EC4DF3C00A7BF32 /* PBXContainerItemProxy */ = {
			isa = PBXContainerItemProxy;
			containerPortal = 83CBB9F71A601CBA00E9B192 /* Project object */;
			proxyType = 1;
			remoteGlobalIDString = C3C8E7012EC4DF3A00A7BF32;
			remoteInfo = NoahWidgetSignetExtension;
		};
		C3C8E72D2EC4DFD300A7BF32 /* PBXContainerItemProxy */ = {
			isa = PBXContainerItemProxy;
			containerPortal = 83CBB9F71A601CBA00E9B192 /* Project object */;
			proxyType = 1;
			remoteGlobalIDString = C3C8E71D2EC4DFD200A7BF32;
			remoteInfo = NoahWidgetMainnetExtension;
		};
		C3C8E7492EC4E26C00A7BF32 /* PBXContainerItemProxy */ = {
			isa = PBXContainerItemProxy;
			containerPortal = 83CBB9F71A601CBA00E9B192 /* Project object */;
			proxyType = 1;
			remoteGlobalIDString = C3C8E7392EC4E26A00A7BF32;
			remoteInfo = NoahWidgetRegtestExtension;
		};
/* End PBXContainerItemProxy section */

/* Begin PBXCopyFilesBuildPhase section */
		C379B5722EC4D046004DFDC1 /* Embed Foundation Extensions */ = {
			isa = PBXCopyFilesBuildPhase;
			buildActionMask = 2147483647;
			dstPath = "";
			dstSubfolderSpec = 13;
			files = (
				C3C8E74B2EC4E26C00A7BF32 /* NoahWidgetRegtestExtension.appex in Embed Foundation Extensions */,
			);
			name = "Embed Foundation Extensions";
			runOnlyForDeploymentPostprocessing = 0;
		};
		C3C8E7142EC4DF3C00A7BF32 /* Embed Foundation Extensions */ = {
			isa = PBXCopyFilesBuildPhase;
			buildActionMask = 2147483647;
			dstPath = "";
			dstSubfolderSpec = 13;
			files = (
				C3C8E7132EC4DF3C00A7BF32 /* NoahWidgetSignetExtension.appex in Embed Foundation Extensions */,
			);
			name = "Embed Foundation Extensions";
			runOnlyForDeploymentPostprocessing = 0;
		};
		C3C8E7342EC4DFD300A7BF32 /* Embed Foundation Extensions */ = {
			isa = PBXCopyFilesBuildPhase;
			buildActionMask = 2147483647;
			dstPath = "";
			dstSubfolderSpec = 13;
			files = (
				C3C8E72F2EC4DFD300A7BF32 /* NoahWidgetMainnetExtension.appex in Embed Foundation Extensions */,
			);
			name = "Embed Foundation Extensions";
			runOnlyForDeploymentPostprocessing = 0;
		};
/* End PBXCopyFilesBuildPhase section */

/* Begin PBXFileReference section */
		13B07F961A680F5B00A75B9A /* Noah.app */ = {isa = PBXFileReference; explicitFileType = wrapper.application; includeInIndex = 0; path = Noah.app; sourceTree = BUILT_PRODUCTS_DIR; };
		13B07FB51A68108700A75B9A /* Images.xcassets */ = {isa = PBXFileReference; lastKnownFileType = folder.assetcatalog; name = Images.xcassets; path = noah/Images.xcassets; sourceTree = "<group>"; };
		13B07FB61A68108700A75B9A /* Info.plist */ = {isa = PBXFileReference; fileEncoding = 4; lastKnownFileType = text.plist.xml; name = Info.plist; path = noah/Info.plist; sourceTree = "<group>"; };
		15E9565EA1DE87BD39B4B5F6 /* libPods-noah-common-Noah-Regtest.a */ = {isa = PBXFileReference; explicitFileType = archive.ar; includeInIndex = 0; path = "libPods-noah-common-Noah-Regtest.a"; sourceTree = BUILT_PRODUCTS_DIR; };
		194A6B6E30A419C337CB1BC7 /* ExpoModulesProvider.swift */ = {isa = PBXFileReference; includeInIndex = 1; lastKnownFileType = sourcecode.swift; name = ExpoModulesProvider.swift; path = "Pods/Target Support Files/Pods-noah-common-Noah-Signet/ExpoModulesProvider.swift"; sourceTree = "<group>"; };
		4750FC36FC574FD6949E1B64 /* noah.icon */ = {isa = PBXFileReference; explicitFileType = undefined; fileEncoding = undefined; includeInIndex = 0; lastKnownFileType = unknown; name = noah.icon; path = Noah/noah.icon; sourceTree = "<group>"; };
		4D0B0F63003860B7A3AD0D58 /* Pods-noah-common-Noah.debug.xcconfig */ = {isa = PBXFileReference; includeInIndex = 1; lastKnownFileType = text.xcconfig; name = "Pods-noah-common-Noah.debug.xcconfig"; path = "Target Support Files/Pods-noah-common-Noah/Pods-noah-common-Noah.debug.xcconfig"; sourceTree = "<group>"; };
		4E07CF47789E44CB2CEDF091 /* Pods-noah-common-Noah-Signet.debug.xcconfig */ = {isa = PBXFileReference; includeInIndex = 1; lastKnownFileType = text.xcconfig; name = "Pods-noah-common-Noah-Signet.debug.xcconfig"; path = "Target Support Files/Pods-noah-common-Noah-Signet/Pods-noah-common-Noah-Signet.debug.xcconfig"; sourceTree = "<group>"; };
		5A19E1FDC8F55D6E7F708175 /* Pods-noah-common-noah.debug.xcconfig */ = {isa = PBXFileReference; includeInIndex = 1; lastKnownFileType = text.xcconfig; name = "Pods-noah-common-noah.debug.xcconfig"; path = "Target Support Files/Pods-noah-common-noah/Pods-noah-common-noah.debug.xcconfig"; sourceTree = "<group>"; };
		64D19819C1ACCADE9D4115DF /* Pods-noah-common-noah.release.xcconfig */ = {isa = PBXFileReference; includeInIndex = 1; lastKnownFileType = text.xcconfig; name = "Pods-noah-common-noah.release.xcconfig"; path = "Target Support Files/Pods-noah-common-noah/Pods-noah-common-noah.release.xcconfig"; sourceTree = "<group>"; };
		66256E736CA87755C5B2C102 /* Pods-noah-common-noah-signet.release.xcconfig */ = {isa = PBXFileReference; includeInIndex = 1; lastKnownFileType = text.xcconfig; name = "Pods-noah-common-noah-signet.release.xcconfig"; path = "Target Support Files/Pods-noah-common-noah-signet/Pods-noah-common-noah-signet.release.xcconfig"; sourceTree = "<group>"; };
		6DAA180F69B20FC803C783EF /* Pods-noah-common-noah-signet.debug.xcconfig */ = {isa = PBXFileReference; includeInIndex = 1; lastKnownFileType = text.xcconfig; name = "Pods-noah-common-noah-signet.debug.xcconfig"; path = "Target Support Files/Pods-noah-common-noah-signet/Pods-noah-common-noah-signet.debug.xcconfig"; sourceTree = "<group>"; };
		75115EA1F17F1C43B2D907F1 /* Pods-noah-common-Noah-Regtest.release.xcconfig */ = {isa = PBXFileReference; includeInIndex = 1; lastKnownFileType = text.xcconfig; name = "Pods-noah-common-Noah-Regtest.release.xcconfig"; path = "Target Support Files/Pods-noah-common-Noah-Regtest/Pods-noah-common-Noah-Regtest.release.xcconfig"; sourceTree = "<group>"; };
		7DAEE051C3AD5A25753EEB04 /* Pods-noah-common-noah-regtest.debug.xcconfig */ = {isa = PBXFileReference; includeInIndex = 1; lastKnownFileType = text.xcconfig; name = "Pods-noah-common-noah-regtest.debug.xcconfig"; path = "Target Support Files/Pods-noah-common-noah-regtest/Pods-noah-common-noah-regtest.debug.xcconfig"; sourceTree = "<group>"; };
		85BF3676FE0AADD8774596BB /* PrivacyInfo.xcprivacy */ = {isa = PBXFileReference; includeInIndex = 1; lastKnownFileType = text.xml; name = PrivacyInfo.xcprivacy; path = noah/PrivacyInfo.xcprivacy; sourceTree = "<group>"; };
		8B5FFA8A288023BD8CCB7C91 /* ExpoModulesProvider.swift */ = {isa = PBXFileReference; includeInIndex = 1; lastKnownFileType = sourcecode.swift; name = ExpoModulesProvider.swift; path = "Pods/Target Support Files/Pods-noah-common-Noah-Regtest/ExpoModulesProvider.swift"; sourceTree = "<group>"; };
		AA286B85B6C04FC6940260E9 /* SplashScreen.storyboard */ = {isa = PBXFileReference; fileEncoding = 4; lastKnownFileType = file.storyboard; name = SplashScreen.storyboard; path = noah/SplashScreen.storyboard; sourceTree = "<group>"; };
		B2CF17E77D223D7EC1A61FF9 /* libPods-noah-common-Noah-Signet.a */ = {isa = PBXFileReference; explicitFileType = archive.ar; includeInIndex = 0; path = "libPods-noah-common-Noah-Signet.a"; sourceTree = BUILT_PRODUCTS_DIR; };
		BB2F792C24A3F905000567C9 /* Expo.plist */ = {isa = PBXFileReference; fileEncoding = 4; lastKnownFileType = text.plist.xml; path = Expo.plist; sourceTree = "<group>"; };
		BCDAA6B157059A8D05E8F8C5 /* Pods-noah-common-noah-regtest.release.xcconfig */ = {isa = PBXFileReference; includeInIndex = 1; lastKnownFileType = text.xcconfig; name = "Pods-noah-common-noah-regtest.release.xcconfig"; path = "Target Support Files/Pods-noah-common-noah-regtest/Pods-noah-common-noah-regtest.release.xcconfig"; sourceTree = "<group>"; };
		C379B55F2EC4D043004DFDC1 /* WidgetKit.framework */ = {isa = PBXFileReference; lastKnownFileType = wrapper.framework; name = WidgetKit.framework; path = System/Library/Frameworks/WidgetKit.framework; sourceTree = SDKROOT; };
		C379B5612EC4D043004DFDC1 /* SwiftUI.framework */ = {isa = PBXFileReference; lastKnownFileType = wrapper.framework; name = SwiftUI.framework; path = System/Library/Frameworks/SwiftUI.framework; sourceTree = SDKROOT; };
		C379B5772EC4D0D2004DFDC1 /* NoahWidgetExtension.entitlements */ = {isa = PBXFileReference; lastKnownFileType = text.plist.entitlements; path = NoahWidgetExtension.entitlements; sourceTree = "<group>"; };
		C39DD7152E0C95AF000CB6A9 /* Noah-Signet.app */ = {isa = PBXFileReference; explicitFileType = wrapper.application; includeInIndex = 0; path = "Noah-Signet.app"; sourceTree = BUILT_PRODUCTS_DIR; };
		C39DD72A2E0C973E000CB6A9 /* Noah-Regtest.app */ = {isa = PBXFileReference; explicitFileType = wrapper.application; includeInIndex = 0; path = "Noah-Regtest.app"; sourceTree = BUILT_PRODUCTS_DIR; };
		C39DD7402E0C9DF1000CB6A9 /* Debug.xcconfig */ = {isa = PBXFileReference; lastKnownFileType = text.xcconfig; name = Debug.xcconfig; path = Config/Debug.xcconfig; sourceTree = "<group>"; };
		C39DD7412E0C9DF1000CB6A9 /* mainnet.xcconfig */ = {isa = PBXFileReference; lastKnownFileType = text.xcconfig; name = mainnet.xcconfig; path = Config/mainnet.xcconfig; sourceTree = "<group>"; };
		C39DD7422E0C9DF1000CB6A9 /* regtest.xcconfig */ = {isa = PBXFileReference; lastKnownFileType = text.xcconfig; name = regtest.xcconfig; path = Config/regtest.xcconfig; sourceTree = "<group>"; };
		C39DD7432E0C9DF1000CB6A9 /* Release.xcconfig */ = {isa = PBXFileReference; lastKnownFileType = text.xcconfig; name = Release.xcconfig; path = Config/Release.xcconfig; sourceTree = "<group>"; };
		C39DD7442E0C9DF1000CB6A9 /* signet.xcconfig */ = {isa = PBXFileReference; lastKnownFileType = text.xcconfig; name = signet.xcconfig; path = Config/signet.xcconfig; sourceTree = "<group>"; };
		C3C8E7022EC4DF3A00A7BF32 /* NoahWidgetSignetExtension.appex */ = {isa = PBXFileReference; explicitFileType = "wrapper.app-extension"; includeInIndex = 0; path = NoahWidgetSignetExtension.appex; sourceTree = BUILT_PRODUCTS_DIR; };
		C3C8E7192EC4DF9400A7BF32 /* NoahWidgetSignetExtension.entitlements */ = {isa = PBXFileReference; lastKnownFileType = text.plist.entitlements; path = NoahWidgetSignetExtension.entitlements; sourceTree = "<group>"; };
		C3C8E71E2EC4DFD200A7BF32 /* NoahWidgetMainnetExtension.appex */ = {isa = PBXFileReference; explicitFileType = "wrapper.app-extension"; includeInIndex = 0; path = NoahWidgetMainnetExtension.appex; sourceTree = BUILT_PRODUCTS_DIR; };
		C3C8E7352EC4DFF700A7BF32 /* NoahWidgetMainnetExtension.entitlements */ = {isa = PBXFileReference; lastKnownFileType = text.plist.entitlements; path = NoahWidgetMainnetExtension.entitlements; sourceTree = "<group>"; };
		C3C8E73A2EC4E26A00A7BF32 /* NoahWidgetRegtestExtension.appex */ = {isa = PBXFileReference; explicitFileType = "wrapper.app-extension"; includeInIndex = 0; path = NoahWidgetRegtestExtension.appex; sourceTree = BUILT_PRODUCTS_DIR; };
		C3C8E7502EC4E28300A7BF32 /* NoahWidgetRegtestExtension.entitlements */ = {isa = PBXFileReference; lastKnownFileType = text.plist.entitlements; path = NoahWidgetRegtestExtension.entitlements; sourceTree = "<group>"; };
		C3C8E7BD2EC4E76200A7BF32 /* NoahBalanceWidget.swift */ = {isa = PBXFileReference; lastKnownFileType = sourcecode.swift; path = NoahBalanceWidget.swift; sourceTree = "<group>"; };
		CFB4A0F3A3F14D5CA3EF5E63 /* SplashScreen.storyboard */ = {isa = PBXFileReference; explicitFileType = undefined; fileEncoding = undefined; includeInIndex = 0; lastKnownFileType = unknown; name = SplashScreen.storyboard; path = Noah/SplashScreen.storyboard; sourceTree = "<group>"; };
		D26065DD04338ECF8AB23EB3 /* Pods-noah-common-Noah.release.xcconfig */ = {isa = PBXFileReference; includeInIndex = 1; lastKnownFileType = text.xcconfig; name = "Pods-noah-common-Noah.release.xcconfig"; path = "Target Support Files/Pods-noah-common-Noah/Pods-noah-common-Noah.release.xcconfig"; sourceTree = "<group>"; };
		D7439A6C6C0CE490F2B8C022 /* Pods-noah-common-Noah-Signet.release.xcconfig */ = {isa = PBXFileReference; includeInIndex = 1; lastKnownFileType = text.xcconfig; name = "Pods-noah-common-Noah-Signet.release.xcconfig"; path = "Target Support Files/Pods-noah-common-Noah-Signet/Pods-noah-common-Noah-Signet.release.xcconfig"; sourceTree = "<group>"; };
		DC16E7980CEC87034661C98D /* ExpoModulesProvider.swift */ = {isa = PBXFileReference; includeInIndex = 1; lastKnownFileType = sourcecode.swift; name = ExpoModulesProvider.swift; path = "Pods/Target Support Files/Pods-noah-common-Noah/ExpoModulesProvider.swift"; sourceTree = "<group>"; };
		E9866157C0A7235063C7E870 /* Pods-noah-common-Noah-Regtest.debug.xcconfig */ = {isa = PBXFileReference; includeInIndex = 1; lastKnownFileType = text.xcconfig; name = "Pods-noah-common-Noah-Regtest.debug.xcconfig"; path = "Target Support Files/Pods-noah-common-Noah-Regtest/Pods-noah-common-Noah-Regtest.debug.xcconfig"; sourceTree = "<group>"; };
		ED297162215061F000B7C4FE /* JavaScriptCore.framework */ = {isa = PBXFileReference; lastKnownFileType = wrapper.framework; name = JavaScriptCore.framework; path = System/Library/Frameworks/JavaScriptCore.framework; sourceTree = SDKROOT; };
		F063A0268003AC078FBB106F /* libPods-noah-common-Noah.a */ = {isa = PBXFileReference; explicitFileType = archive.ar; includeInIndex = 0; path = "libPods-noah-common-Noah.a"; sourceTree = BUILT_PRODUCTS_DIR; };
		F11748412D0307B40044C1D9 /* AppDelegate.swift */ = {isa = PBXFileReference; lastKnownFileType = sourcecode.swift; name = AppDelegate.swift; path = noah/AppDelegate.swift; sourceTree = "<group>"; };
		F11748442D0722820044C1D9 /* noah-Bridging-Header.h */ = {isa = PBXFileReference; lastKnownFileType = sourcecode.c.h; name = "noah-Bridging-Header.h"; path = "noah/noah-Bridging-Header.h"; sourceTree = "<group>"; };
/* End PBXFileReference section */

/* Begin PBXFileSystemSynchronizedBuildFileExceptionSet section */
		C3C8E7172EC4DF3C00A7BF32 /* Exceptions for "NoahWidgetSignet" folder in "NoahWidgetSignetExtension" target */ = {
			isa = PBXFileSystemSynchronizedBuildFileExceptionSet;
			membershipExceptions = (
				Info.plist,
			);
			target = C3C8E7012EC4DF3A00A7BF32 /* NoahWidgetSignetExtension */;
		};
		C3C8E7302EC4DFD300A7BF32 /* Exceptions for "NoahWidgetMainnet" folder in "NoahWidgetMainnetExtension" target */ = {
			isa = PBXFileSystemSynchronizedBuildFileExceptionSet;
			membershipExceptions = (
				Info.plist,
			);
			target = C3C8E71D2EC4DFD200A7BF32 /* NoahWidgetMainnetExtension */;
		};
		C3C8E74C2EC4E26C00A7BF32 /* Exceptions for "NoahWidgetRegtest" folder in "NoahWidgetRegtestExtension" target */ = {
			isa = PBXFileSystemSynchronizedBuildFileExceptionSet;
			membershipExceptions = (
				Info.plist,
			);
			target = C3C8E7392EC4E26A00A7BF32 /* NoahWidgetRegtestExtension */;
		};
/* End PBXFileSystemSynchronizedBuildFileExceptionSet section */

/* Begin PBXFileSystemSynchronizedRootGroup section */
		C3C8E7052EC4DF3A00A7BF32 /* NoahWidgetSignet */ = {
			isa = PBXFileSystemSynchronizedRootGroup;
			exceptions = (
				C3C8E7172EC4DF3C00A7BF32 /* Exceptions for "NoahWidgetSignet" folder in "NoahWidgetSignetExtension" target */,
			);
			path = NoahWidgetSignet;
			sourceTree = "<group>";
		};
		C3C8E7212EC4DFD200A7BF32 /* NoahWidgetMainnet */ = {
			isa = PBXFileSystemSynchronizedRootGroup;
			exceptions = (
				C3C8E7302EC4DFD300A7BF32 /* Exceptions for "NoahWidgetMainnet" folder in "NoahWidgetMainnetExtension" target */,
			);
			path = NoahWidgetMainnet;
			sourceTree = "<group>";
		};
		C3C8E73D2EC4E26A00A7BF32 /* NoahWidgetRegtest */ = {
			isa = PBXFileSystemSynchronizedRootGroup;
			exceptions = (
				C3C8E74C2EC4E26C00A7BF32 /* Exceptions for "NoahWidgetRegtest" folder in "NoahWidgetRegtestExtension" target */,
			);
			path = NoahWidgetRegtest;
			sourceTree = "<group>";
		};
/* End PBXFileSystemSynchronizedRootGroup section */

/* Begin PBXFrameworksBuildPhase section */
		13B07F8C1A680F5B00A75B9A /* Frameworks */ = {
			isa = PBXFrameworksBuildPhase;
			buildActionMask = 2147483647;
			files = (
				B9EBC327DB966506782A2DA8 /* libPods-noah-common-Noah.a in Frameworks */,
			);
			runOnlyForDeploymentPostprocessing = 0;
		};
		C39DD7082E0C95AF000CB6A9 /* Frameworks */ = {
			isa = PBXFrameworksBuildPhase;
			buildActionMask = 2147483647;
			files = (
				120648AC16585910F95E25EE /* libPods-noah-common-Noah-Signet.a in Frameworks */,
			);
			runOnlyForDeploymentPostprocessing = 0;
		};
		C39DD71D2E0C973E000CB6A9 /* Frameworks */ = {
			isa = PBXFrameworksBuildPhase;
			buildActionMask = 2147483647;
			files = (
				CA8E7DBCEC9E6E009AE73E55 /* libPods-noah-common-Noah-Regtest.a in Frameworks */,
			);
			runOnlyForDeploymentPostprocessing = 0;
		};
		C3C8E6FF2EC4DF3A00A7BF32 /* Frameworks */ = {
			isa = PBXFrameworksBuildPhase;
			buildActionMask = 2147483647;
			files = (
				C3C8E7042EC4DF3A00A7BF32 /* SwiftUI.framework in Frameworks */,
				C3C8E7032EC4DF3A00A7BF32 /* WidgetKit.framework in Frameworks */,
			);
			runOnlyForDeploymentPostprocessing = 0;
		};
		C3C8E71B2EC4DFD200A7BF32 /* Frameworks */ = {
			isa = PBXFrameworksBuildPhase;
			buildActionMask = 2147483647;
			files = (
				C3C8E7202EC4DFD200A7BF32 /* SwiftUI.framework in Frameworks */,
				C3C8E71F2EC4DFD200A7BF32 /* WidgetKit.framework in Frameworks */,
			);
			runOnlyForDeploymentPostprocessing = 0;
		};
		C3C8E7372EC4E26A00A7BF32 /* Frameworks */ = {
			isa = PBXFrameworksBuildPhase;
			buildActionMask = 2147483647;
			files = (
				C3C8E73C2EC4E26A00A7BF32 /* SwiftUI.framework in Frameworks */,
				C3C8E73B2EC4E26A00A7BF32 /* WidgetKit.framework in Frameworks */,
			);
			runOnlyForDeploymentPostprocessing = 0;
		};
/* End PBXFrameworksBuildPhase section */

/* Begin PBXGroup section */
		0A3745770681AD9943346F93 /* Noah-Regtest */ = {
			isa = PBXGroup;
			children = (
				8B5FFA8A288023BD8CCB7C91 /* ExpoModulesProvider.swift */,
			);
			name = "Noah-Regtest";
			sourceTree = "<group>";
		};
		13B07FAE1A68108700A75B9A /* noah */ = {
			isa = PBXGroup;
			children = (
				F11748412D0307B40044C1D9 /* AppDelegate.swift */,
				F11748442D0722820044C1D9 /* noah-Bridging-Header.h */,
				BB2F792B24A3F905000567C9 /* Supporting */,
				13B07FB51A68108700A75B9A /* Images.xcassets */,
				13B07FB61A68108700A75B9A /* Info.plist */,
				AA286B85B6C04FC6940260E9 /* SplashScreen.storyboard */,
				85BF3676FE0AADD8774596BB /* PrivacyInfo.xcprivacy */,
			);
			name = noah;
			sourceTree = "<group>";
		};
		2D16E6871FA4F8E400B85C8A /* Frameworks */ = {
			isa = PBXGroup;
			children = (
				ED297162215061F000B7C4FE /* JavaScriptCore.framework */,
				F063A0268003AC078FBB106F /* libPods-noah-common-Noah.a */,
				15E9565EA1DE87BD39B4B5F6 /* libPods-noah-common-Noah-Regtest.a */,
				B2CF17E77D223D7EC1A61FF9 /* libPods-noah-common-Noah-Signet.a */,
				C379B55F2EC4D043004DFDC1 /* WidgetKit.framework */,
				C379B5612EC4D043004DFDC1 /* SwiftUI.framework */,
			);
			name = Frameworks;
			sourceTree = "<group>";
		};
		5276B0E7D8228B54CDF1A5BE /* ExpoModulesProviders */ = {
			isa = PBXGroup;
			children = (
				D904AA8E51C51D3019C8988A /* Noah */,
				0A3745770681AD9943346F93 /* Noah-Regtest */,
				A5BEF2FC17A7D1D04C567D1E /* Noah-Signet */,
			);
			name = ExpoModulesProviders;
			sourceTree = "<group>";
		};
		7A5841958A4C7C1392179C75 /* Pods */ = {
			isa = PBXGroup;
			children = (
				5A19E1FDC8F55D6E7F708175 /* Pods-noah-common-noah.debug.xcconfig */,
				64D19819C1ACCADE9D4115DF /* Pods-noah-common-noah.release.xcconfig */,
				7DAEE051C3AD5A25753EEB04 /* Pods-noah-common-noah-regtest.debug.xcconfig */,
				BCDAA6B157059A8D05E8F8C5 /* Pods-noah-common-noah-regtest.release.xcconfig */,
				6DAA180F69B20FC803C783EF /* Pods-noah-common-noah-signet.debug.xcconfig */,
				66256E736CA87755C5B2C102 /* Pods-noah-common-noah-signet.release.xcconfig */,
				4D0B0F63003860B7A3AD0D58 /* Pods-noah-common-Noah.debug.xcconfig */,
				D26065DD04338ECF8AB23EB3 /* Pods-noah-common-Noah.release.xcconfig */,
				E9866157C0A7235063C7E870 /* Pods-noah-common-Noah-Regtest.debug.xcconfig */,
				75115EA1F17F1C43B2D907F1 /* Pods-noah-common-Noah-Regtest.release.xcconfig */,
				4E07CF47789E44CB2CEDF091 /* Pods-noah-common-Noah-Signet.debug.xcconfig */,
				D7439A6C6C0CE490F2B8C022 /* Pods-noah-common-Noah-Signet.release.xcconfig */,
			);
			path = Pods;
			sourceTree = "<group>";
		};
		832341AE1AAA6A7D00B99B32 /* Libraries */ = {
			isa = PBXGroup;
			children = (
			);
			name = Libraries;
			sourceTree = "<group>";
		};
		83CBB9F61A601CBA00E9B192 = {
			isa = PBXGroup;
			children = (
				C3C8E7BE2EC4E76200A7BF32 /* SharedWidget */,
				C3C8E7502EC4E28300A7BF32 /* NoahWidgetRegtestExtension.entitlements */,
				C3C8E7352EC4DFF700A7BF32 /* NoahWidgetMainnetExtension.entitlements */,
				C3C8E7192EC4DF9400A7BF32 /* NoahWidgetSignetExtension.entitlements */,
				C379B5772EC4D0D2004DFDC1 /* NoahWidgetExtension.entitlements */,
				C39DD7402E0C9DF1000CB6A9 /* Debug.xcconfig */,
				C39DD7412E0C9DF1000CB6A9 /* mainnet.xcconfig */,
				C39DD7422E0C9DF1000CB6A9 /* regtest.xcconfig */,
				C39DD7432E0C9DF1000CB6A9 /* Release.xcconfig */,
				C39DD7442E0C9DF1000CB6A9 /* signet.xcconfig */,
				13B07FAE1A68108700A75B9A /* noah */,
				832341AE1AAA6A7D00B99B32 /* Libraries */,
				C3C8E7052EC4DF3A00A7BF32 /* NoahWidgetSignet */,
				C3C8E7212EC4DFD200A7BF32 /* NoahWidgetMainnet */,
				C3C8E73D2EC4E26A00A7BF32 /* NoahWidgetRegtest */,
				83CBBA001A601CBA00E9B192 /* Products */,
				2D16E6871FA4F8E400B85C8A /* Frameworks */,
				7A5841958A4C7C1392179C75 /* Pods */,
				5276B0E7D8228B54CDF1A5BE /* ExpoModulesProviders */,
				4750FC36FC574FD6949E1B64 /* noah.icon */,
				CFB4A0F3A3F14D5CA3EF5E63 /* SplashScreen.storyboard */,
			);
			indentWidth = 2;
			sourceTree = "<group>";
			tabWidth = 2;
			usesTabs = 0;
		};
		83CBBA001A601CBA00E9B192 /* Products */ = {
			isa = PBXGroup;
			children = (
				13B07F961A680F5B00A75B9A /* Noah.app */,
				C39DD7152E0C95AF000CB6A9 /* Noah-Signet.app */,
				C39DD72A2E0C973E000CB6A9 /* Noah-Regtest.app */,
				C3C8E7022EC4DF3A00A7BF32 /* NoahWidgetSignetExtension.appex */,
				C3C8E71E2EC4DFD200A7BF32 /* NoahWidgetMainnetExtension.appex */,
				C3C8E73A2EC4E26A00A7BF32 /* NoahWidgetRegtestExtension.appex */,
			);
			name = Products;
			sourceTree = "<group>";
		};
		A5BEF2FC17A7D1D04C567D1E /* Noah-Signet */ = {
			isa = PBXGroup;
			children = (
				194A6B6E30A419C337CB1BC7 /* ExpoModulesProvider.swift */,
			);
			name = "Noah-Signet";
			sourceTree = "<group>";
		};
		BB2F792B24A3F905000567C9 /* Supporting */ = {
			isa = PBXGroup;
			children = (
				BB2F792C24A3F905000567C9 /* Expo.plist */,
			);
			name = Supporting;
			path = noah/Supporting;
			sourceTree = "<group>";
		};
		C3C8E7BE2EC4E76200A7BF32 /* SharedWidget */ = {
			isa = PBXGroup;
			children = (
				C3C8E7BD2EC4E76200A7BF32 /* NoahBalanceWidget.swift */,
			);
			path = SharedWidget;
			sourceTree = "<group>";
		};
		D904AA8E51C51D3019C8988A /* Noah */ = {
			isa = PBXGroup;
			children = (
				DC16E7980CEC87034661C98D /* ExpoModulesProvider.swift */,
			);
			name = Noah;
			sourceTree = "<group>";
		};
/* End PBXGroup section */

/* Begin PBXNativeTarget section */
		13B07F861A680F5B00A75B9A /* Noah */ = {
			isa = PBXNativeTarget;
			buildConfigurationList = 13B07F931A680F5B00A75B9A /* Build configuration list for PBXNativeTarget "Noah" */;
			buildPhases = (
				ACBE09FE6E0ABD5213B64E0D /* [CP] Check Pods Manifest.lock */,
				BECAABBDA6D84D68F2C64E7C /* [Expo] Configure project */,
				13B07F871A680F5B00A75B9A /* Sources */,
				13B07F8C1A680F5B00A75B9A /* Frameworks */,
				13B07F8E1A680F5B00A75B9A /* Resources */,
				00DD1BFF1BD5951E006B06BC /* Bundle React Native code and images */,
				B7177045A6D1684CA40D7A03 /* [CP] Embed Pods Frameworks */,
				328273F845D3C4E5D17CEB69 /* [CP] Copy Pods Resources */,
				25302F4CCDBA408C81511F81 /* Upload Debug Symbols to Sentry */,
				C3C8E7342EC4DFD300A7BF32 /* Embed Foundation Extensions */,
				C5FCC581670747C288FF9153 /* [Expo Dev Launcher] Strip Local Network Keys for Release */,
			);
			buildRules = (
			);
			dependencies = (
				C3C8E72E2EC4DFD300A7BF32 /* PBXTargetDependency */,
			);
			name = Noah;
			productName = noah;
			productReference = 13B07F961A680F5B00A75B9A /* Noah.app */;
			productType = "com.apple.product-type.application";
		};
		C39DD7022E0C95AF000CB6A9 /* Noah-Signet */ = {
			isa = PBXNativeTarget;
			buildConfigurationList = C39DD7122E0C95AF000CB6A9 /* Build configuration list for PBXNativeTarget "Noah-Signet" */;
			buildPhases = (
				35909CCF15DCD874624AEEFE /* [CP] Check Pods Manifest.lock */,
				C39DD7042E0C95AF000CB6A9 /* [Expo] Configure project */,
				C39DD7052E0C95AF000CB6A9 /* Sources */,
				C39DD7082E0C95AF000CB6A9 /* Frameworks */,
				C39DD70A2E0C95AF000CB6A9 /* Resources */,
				C39DD70F2E0C95AF000CB6A9 /* Bundle React Native code and images */,
				A0770F88AF30F9691ED52884 /* [CP] Embed Pods Frameworks */,
				709A54DFD0B4643D10D4D068 /* [CP] Copy Pods Resources */,
				C3C8E7142EC4DF3C00A7BF32 /* Embed Foundation Extensions */,
			);
			buildRules = (
			);
			dependencies = (
				C3C8E7122EC4DF3C00A7BF32 /* PBXTargetDependency */,
			);
			name = "Noah-Signet";
			productName = noah;
			productReference = C39DD7152E0C95AF000CB6A9 /* Noah-Signet.app */;
			productType = "com.apple.product-type.application";
		};
		C39DD7172E0C973E000CB6A9 /* Noah-Regtest */ = {
			isa = PBXNativeTarget;
			buildConfigurationList = C39DD7272E0C973E000CB6A9 /* Build configuration list for PBXNativeTarget "Noah-Regtest" */;
			buildPhases = (
				8996DC0F1F781811F38D901E /* [CP] Check Pods Manifest.lock */,
				C39DD7192E0C973E000CB6A9 /* [Expo] Configure project */,
				C39DD71A2E0C973E000CB6A9 /* Sources */,
				C39DD71D2E0C973E000CB6A9 /* Frameworks */,
				C39DD71F2E0C973E000CB6A9 /* Resources */,
				C39DD7242E0C973E000CB6A9 /* Bundle React Native code and images */,
				90E9ABE5A803C38981045B5E /* [CP] Embed Pods Frameworks */,
				78895DDB33EA826439BB242B /* [CP] Copy Pods Resources */,
				C379B5722EC4D046004DFDC1 /* Embed Foundation Extensions */,
			);
			buildRules = (
			);
			dependencies = (
				C3C8E74A2EC4E26C00A7BF32 /* PBXTargetDependency */,
			);
			name = "Noah-Regtest";
			productName = noah;
			productReference = C39DD72A2E0C973E000CB6A9 /* Noah-Regtest.app */;
			productType = "com.apple.product-type.application";
		};
		C3C8E7012EC4DF3A00A7BF32 /* NoahWidgetSignetExtension */ = {
			isa = PBXNativeTarget;
			buildConfigurationList = C3C8E7182EC4DF3C00A7BF32 /* Build configuration list for PBXNativeTarget "NoahWidgetSignetExtension" */;
			buildPhases = (
				C3C8E6FE2EC4DF3A00A7BF32 /* Sources */,
				C3C8E6FF2EC4DF3A00A7BF32 /* Frameworks */,
				C3C8E7002EC4DF3A00A7BF32 /* Resources */,
			);
			buildRules = (
			);
			dependencies = (
			);
			fileSystemSynchronizedGroups = (
				C3C8E7052EC4DF3A00A7BF32 /* NoahWidgetSignet */,
			);
			name = NoahWidgetSignetExtension;
			productName = NoahWidgetSignetExtension;
			productReference = C3C8E7022EC4DF3A00A7BF32 /* NoahWidgetSignetExtension.appex */;
			productType = "com.apple.product-type.app-extension";
		};
		C3C8E71D2EC4DFD200A7BF32 /* NoahWidgetMainnetExtension */ = {
			isa = PBXNativeTarget;
			buildConfigurationList = C3C8E7312EC4DFD300A7BF32 /* Build configuration list for PBXNativeTarget "NoahWidgetMainnetExtension" */;
			buildPhases = (
				C3C8E71A2EC4DFD200A7BF32 /* Sources */,
				C3C8E71B2EC4DFD200A7BF32 /* Frameworks */,
				C3C8E71C2EC4DFD200A7BF32 /* Resources */,
			);
			buildRules = (
			);
			dependencies = (
			);
			fileSystemSynchronizedGroups = (
				C3C8E7212EC4DFD200A7BF32 /* NoahWidgetMainnet */,
			);
			name = NoahWidgetMainnetExtension;
			productName = NoahWidgetMainnetExtension;
			productReference = C3C8E71E2EC4DFD200A7BF32 /* NoahWidgetMainnetExtension.appex */;
			productType = "com.apple.product-type.app-extension";
		};
		C3C8E7392EC4E26A00A7BF32 /* NoahWidgetRegtestExtension */ = {
			isa = PBXNativeTarget;
			buildConfigurationList = C3C8E74D2EC4E26C00A7BF32 /* Build configuration list for PBXNativeTarget "NoahWidgetRegtestExtension" */;
			buildPhases = (
				C3C8E7362EC4E26A00A7BF32 /* Sources */,
				C3C8E7372EC4E26A00A7BF32 /* Frameworks */,
				C3C8E7382EC4E26A00A7BF32 /* Resources */,
			);
			buildRules = (
			);
			dependencies = (
			);
			fileSystemSynchronizedGroups = (
				C3C8E73D2EC4E26A00A7BF32 /* NoahWidgetRegtest */,
			);
			name = NoahWidgetRegtestExtension;
			productName = NoahWidgetRegtestExtension;
			productReference = C3C8E73A2EC4E26A00A7BF32 /* NoahWidgetRegtestExtension.appex */;
			productType = "com.apple.product-type.app-extension";
		};
/* End PBXNativeTarget section */

/* Begin PBXProject section */
		83CBB9F71A601CBA00E9B192 /* Project object */ = {
			isa = PBXProject;
			attributes = {
				LastSwiftUpdateCheck = 2600;
				LastUpgradeCheck = 1130;
				TargetAttributes = {
					13B07F861A680F5B00A75B9A = {
						LastSwiftMigration = 1250;
					};
					C3C8E7012EC4DF3A00A7BF32 = {
						CreatedOnToolsVersion = 26.0.1;
					};
					C3C8E71D2EC4DFD200A7BF32 = {
						CreatedOnToolsVersion = 26.0.1;
					};
					C3C8E7392EC4E26A00A7BF32 = {
						CreatedOnToolsVersion = 26.0.1;
					};
				};
			};
			buildConfigurationList = 83CBB9FA1A601CBA00E9B192 /* Build configuration list for PBXProject "Noah" */;
			developmentRegion = en;
			hasScannedForEncodings = 0;
			knownRegions = (
				en,
				Base,
			);
			mainGroup = 83CBB9F61A601CBA00E9B192;
			preferredProjectObjectVersion = 77;
			productRefGroup = 83CBBA001A601CBA00E9B192 /* Products */;
			projectDirPath = "";
			projectRoot = "";
			targets = (
				13B07F861A680F5B00A75B9A /* Noah */,
				C39DD7022E0C95AF000CB6A9 /* Noah-Signet */,
				C39DD7172E0C973E000CB6A9 /* Noah-Regtest */,
				C3C8E7012EC4DF3A00A7BF32 /* NoahWidgetSignetExtension */,
				C3C8E71D2EC4DFD200A7BF32 /* NoahWidgetMainnetExtension */,
				C3C8E7392EC4E26A00A7BF32 /* NoahWidgetRegtestExtension */,
			);
		};
/* End PBXProject section */

/* Begin PBXResourcesBuildPhase section */
		13B07F8E1A680F5B00A75B9A /* Resources */ = {
			isa = PBXResourcesBuildPhase;
			buildActionMask = 2147483647;
			files = (
				BB2F792D24A3F905000567C9 /* Expo.plist in Resources */,
				13B07FBF1A68108700A75B9A /* Images.xcassets in Resources */,
				C39DD7452E0C9DF1000CB6A9 /* regtest.xcconfig in Resources */,
				C39DD7462E0C9DF1000CB6A9 /* Debug.xcconfig in Resources */,
				C39DD7472E0C9DF1000CB6A9 /* signet.xcconfig in Resources */,
				C39DD7482E0C9DF1000CB6A9 /* mainnet.xcconfig in Resources */,
				C39DD7492E0C9DF1000CB6A9 /* Release.xcconfig in Resources */,
				3E461D99554A48A4959DE609 /* SplashScreen.storyboard in Resources */,
				F15172581494608E186E1FD8 /* PrivacyInfo.xcprivacy in Resources */,
				A29D6E062D7F45109FBD3DBF /* noah.icon in Resources */,
			);
			runOnlyForDeploymentPostprocessing = 0;
		};
		C39DD70A2E0C95AF000CB6A9 /* Resources */ = {
			isa = PBXResourcesBuildPhase;
			buildActionMask = 2147483647;
			files = (
				C39DD70B2E0C95AF000CB6A9 /* Expo.plist in Resources */,
				C39DD70C2E0C95AF000CB6A9 /* Images.xcassets in Resources */,
				C39DD74A2E0C9DF1000CB6A9 /* regtest.xcconfig in Resources */,
				C39DD74B2E0C9DF1000CB6A9 /* Debug.xcconfig in Resources */,
				C39DD74C2E0C9DF1000CB6A9 /* signet.xcconfig in Resources */,
				C39DD74D2E0C9DF1000CB6A9 /* mainnet.xcconfig in Resources */,
				C39DD74E2E0C9DF1000CB6A9 /* Release.xcconfig in Resources */,
				C39DD70D2E0C95AF000CB6A9 /* SplashScreen.storyboard in Resources */,
				C39DD70E2E0C95AF000CB6A9 /* PrivacyInfo.xcprivacy in Resources */,
				E81A2591A16B4F638AE6A01C /* noah.icon in Resources */,
			);
			runOnlyForDeploymentPostprocessing = 0;
		};
		C39DD71F2E0C973E000CB6A9 /* Resources */ = {
			isa = PBXResourcesBuildPhase;
			buildActionMask = 2147483647;
			files = (
				C39DD7202E0C973E000CB6A9 /* Expo.plist in Resources */,
				C39DD7212E0C973E000CB6A9 /* Images.xcassets in Resources */,
				C39DD74F2E0C9DF1000CB6A9 /* regtest.xcconfig in Resources */,
				C39DD7502E0C9DF1000CB6A9 /* Debug.xcconfig in Resources */,
				C39DD7512E0C9DF1000CB6A9 /* signet.xcconfig in Resources */,
				C39DD7522E0C9DF1000CB6A9 /* mainnet.xcconfig in Resources */,
				C39DD7532E0C9DF1000CB6A9 /* Release.xcconfig in Resources */,
				C39DD7222E0C973E000CB6A9 /* SplashScreen.storyboard in Resources */,
				C39DD7232E0C973E000CB6A9 /* PrivacyInfo.xcprivacy in Resources */,
				D3D633A1D9AE43648FFAF40A /* noah.icon in Resources */,
			);
			runOnlyForDeploymentPostprocessing = 0;
		};
		C3C8E7002EC4DF3A00A7BF32 /* Resources */ = {
			isa = PBXResourcesBuildPhase;
			buildActionMask = 2147483647;
			files = (
			);
			runOnlyForDeploymentPostprocessing = 0;
		};
		C3C8E71C2EC4DFD200A7BF32 /* Resources */ = {
			isa = PBXResourcesBuildPhase;
			buildActionMask = 2147483647;
			files = (
			);
			runOnlyForDeploymentPostprocessing = 0;
		};
		C3C8E7382EC4E26A00A7BF32 /* Resources */ = {
			isa = PBXResourcesBuildPhase;
			buildActionMask = 2147483647;
			files = (
			);
			runOnlyForDeploymentPostprocessing = 0;
		};
/* End PBXResourcesBuildPhase section */

/* Begin PBXShellScriptBuildPhase section */
		00DD1BFF1BD5951E006B06BC /* Bundle React Native code and images */ = {
			isa = PBXShellScriptBuildPhase;
			alwaysOutOfDate = 1;
			buildActionMask = 2147483647;
			files = (
			);
			inputPaths = (
				"$(SRCROOT)/.xcode.env",
				"$(SRCROOT)/.xcode.env.local",
			);
			name = "Bundle React Native code and images";
			outputPaths = (
			);
			runOnlyForDeploymentPostprocessing = 0;
			shellPath = /bin/sh;
			shellScript = "if [[ -f \"$PODS_ROOT/../.xcode.env\" ]]; then\n  source \"$PODS_ROOT/../.xcode.env\"\nfi\nif [[ -f \"$PODS_ROOT/../.xcode.env.local\" ]]; then\n  source \"$PODS_ROOT/../.xcode.env.local\"\nfi\n\n# The project root by default is one level up from the ios directory\nexport PROJECT_ROOT=\"$PROJECT_DIR\"/..\n\nif [[ \"$CONFIGURATION\" = *Debug* ]]; then\n  export SKIP_BUNDLING=1\nfi\nif [[ -z \"$ENTRY_FILE\" ]]; then\n  # Set the entry JS file using the bundler's entry resolution.\n  export ENTRY_FILE=\"$(\"$NODE_BINARY\" -e \"require('expo/scripts/resolveAppEntry')\" \"$PROJECT_ROOT\" ios absolute | tail -n 1)\"\nfi\n\nif [[ -z \"$CLI_PATH\" ]]; then\n  # Use Expo CLI\n  export CLI_PATH=\"$(\"$NODE_BINARY\" --print \"require.resolve('@expo/cli', { paths: [require.resolve('expo/package.json')] })\")\"\nfi\nif [[ -z \"$BUNDLE_COMMAND\" ]]; then\n  # Default Expo CLI command for bundling\n  export BUNDLE_COMMAND=\"export:embed\"\nfi\n\n# Source .xcode.env.updates if it exists to allow\n# SKIP_BUNDLING to be unset if needed\nif [[ -f \"$PODS_ROOT/../.xcode.env.updates\" ]]; then\n  source \"$PODS_ROOT/../.xcode.env.updates\"\nfi\n# Source local changes to allow overrides\n# if needed\nif [[ -f \"$PODS_ROOT/../.xcode.env.local\" ]]; then\n  source \"$PODS_ROOT/../.xcode.env.local\"\nfi\n\n/bin/sh `\"$NODE_BINARY\" --print \"require('path').dirname(require.resolve('@sentry/react-native/package.json')) + '/scripts/sentry-xcode.sh'\"` `\"$NODE_BINARY\" --print \"require('path').dirname(require.resolve('react-native/package.json')) + '/scripts/react-native-xcode.sh'\"`\n\n";
		};
		25302F4CCDBA408C81511F81 /* Upload Debug Symbols to Sentry */ = {
			isa = PBXShellScriptBuildPhase;
			buildActionMask = 2147483647;
			files = (
			);
			inputPaths = (
			);
			name = "Upload Debug Symbols to Sentry";
			outputPaths = (
			);
			runOnlyForDeploymentPostprocessing = 0;
			shellPath = /bin/sh;
			shellScript = "if [[ -f \"$PODS_ROOT/../.xcode.env\" ]]; then\n  source \"$PODS_ROOT/../.xcode.env\"\nfi\nif [[ -f \"$PODS_ROOT/../.xcode.env.local\" ]]; then\n  source \"$PODS_ROOT/../.xcode.env.local\"\nfi\n\nif [[ \"$CONFIGURATION\" = *Debug* ]]; then\n  echo \"Skipping Sentry debug files upload for Debug configuration\"\n  exit 0\nfi\n\nif [[ \"$PLATFORM_NAME\" == *simulator* ]]; then\n  echo \"Skipping Sentry debug files upload for simulator builds\"\n  exit 0\nfi\n\nif [[ -z \"$ARCHIVE_PATH\" ]]; then\n  echo \"Skipping Sentry debug files upload outside archive builds\"\n  exit 0\nfi\n\nif [[ -z \"$NODE_BINARY\" ]]; then\n  export NODE_BINARY=$(command -v node)\nfi\n\n/bin/sh `\"$NODE_BINARY\" --print \"require('path').dirname(require.resolve('@sentry/react-native/package.json')) + '/scripts/sentry-xcode-debug-files.sh'\"`\n\n";
		};
		328273F845D3C4E5D17CEB69 /* [CP] Copy Pods Resources */ = {
			isa = PBXShellScriptBuildPhase;
			buildActionMask = 2147483647;
			files = (
			);
			inputFileListPaths = (
				"${PODS_ROOT}/Target Support Files/Pods-noah-common-Noah/Pods-noah-common-Noah-resources-${CONFIGURATION}-input-files.xcfilelist",
			);
			name = "[CP] Copy Pods Resources";
			outputFileListPaths = (
				"${PODS_ROOT}/Target Support Files/Pods-noah-common-Noah/Pods-noah-common-Noah-resources-${CONFIGURATION}-output-files.xcfilelist",
			);
			runOnlyForDeploymentPostprocessing = 0;
			shellPath = /bin/sh;
			shellScript = "\"${PODS_ROOT}/Target Support Files/Pods-noah-common-Noah/Pods-noah-common-Noah-resources.sh\"\n";
			showEnvVarsInLog = 0;
		};
		35909CCF15DCD874624AEEFE /* [CP] Check Pods Manifest.lock */ = {
			isa = PBXShellScriptBuildPhase;
			buildActionMask = 2147483647;
			files = (
			);
			inputFileListPaths = (
			);
			inputPaths = (
				"${PODS_PODFILE_DIR_PATH}/Podfile.lock",
				"${PODS_ROOT}/Manifest.lock",
			);
			name = "[CP] Check Pods Manifest.lock";
			outputFileListPaths = (
			);
			outputPaths = (
				"$(DERIVED_FILE_DIR)/Pods-noah-common-Noah-Signet-checkManifestLockResult.txt",
			);
			runOnlyForDeploymentPostprocessing = 0;
			shellPath = /bin/sh;
			shellScript = "diff \"${PODS_PODFILE_DIR_PATH}/Podfile.lock\" \"${PODS_ROOT}/Manifest.lock\" > /dev/null\nif [ $? != 0 ] ; then\n    # print error to STDERR\n    echo \"error: The sandbox is not in sync with the Podfile.lock. Run 'pod install' or update your CocoaPods installation.\" >&2\n    exit 1\nfi\n# This output is used by Xcode 'outputs' to avoid re-running this script phase.\necho \"SUCCESS\" > \"${SCRIPT_OUTPUT_FILE_0}\"\n";
			showEnvVarsInLog = 0;
		};
		709A54DFD0B4643D10D4D068 /* [CP] Copy Pods Resources */ = {
			isa = PBXShellScriptBuildPhase;
			buildActionMask = 2147483647;
			files = (
			);
			inputFileListPaths = (
				"${PODS_ROOT}/Target Support Files/Pods-noah-common-Noah-Signet/Pods-noah-common-Noah-Signet-resources-${CONFIGURATION}-input-files.xcfilelist",
			);
			name = "[CP] Copy Pods Resources";
			outputFileListPaths = (
				"${PODS_ROOT}/Target Support Files/Pods-noah-common-Noah-Signet/Pods-noah-common-Noah-Signet-resources-${CONFIGURATION}-output-files.xcfilelist",
			);
			runOnlyForDeploymentPostprocessing = 0;
			shellPath = /bin/sh;
			shellScript = "\"${PODS_ROOT}/Target Support Files/Pods-noah-common-Noah-Signet/Pods-noah-common-Noah-Signet-resources.sh\"\n";
			showEnvVarsInLog = 0;
		};
		78895DDB33EA826439BB242B /* [CP] Copy Pods Resources */ = {
			isa = PBXShellScriptBuildPhase;
			buildActionMask = 2147483647;
			files = (
			);
			inputFileListPaths = (
				"${PODS_ROOT}/Target Support Files/Pods-noah-common-Noah-Regtest/Pods-noah-common-Noah-Regtest-resources-${CONFIGURATION}-input-files.xcfilelist",
			);
			name = "[CP] Copy Pods Resources";
			outputFileListPaths = (
				"${PODS_ROOT}/Target Support Files/Pods-noah-common-Noah-Regtest/Pods-noah-common-Noah-Regtest-resources-${CONFIGURATION}-output-files.xcfilelist",
			);
			runOnlyForDeploymentPostprocessing = 0;
			shellPath = /bin/sh;
			shellScript = "\"${PODS_ROOT}/Target Support Files/Pods-noah-common-Noah-Regtest/Pods-noah-common-Noah-Regtest-resources.sh\"\n";
			showEnvVarsInLog = 0;
		};
		8996DC0F1F781811F38D901E /* [CP] Check Pods Manifest.lock */ = {
			isa = PBXShellScriptBuildPhase;
			buildActionMask = 2147483647;
			files = (
			);
			inputFileListPaths = (
			);
			inputPaths = (
				"${PODS_PODFILE_DIR_PATH}/Podfile.lock",
				"${PODS_ROOT}/Manifest.lock",
			);
			name = "[CP] Check Pods Manifest.lock";
			outputFileListPaths = (
			);
			outputPaths = (
				"$(DERIVED_FILE_DIR)/Pods-noah-common-Noah-Regtest-checkManifestLockResult.txt",
			);
			runOnlyForDeploymentPostprocessing = 0;
			shellPath = /bin/sh;
			shellScript = "diff \"${PODS_PODFILE_DIR_PATH}/Podfile.lock\" \"${PODS_ROOT}/Manifest.lock\" > /dev/null\nif [ $? != 0 ] ; then\n    # print error to STDERR\n    echo \"error: The sandbox is not in sync with the Podfile.lock. Run 'pod install' or update your CocoaPods installation.\" >&2\n    exit 1\nfi\n# This output is used by Xcode 'outputs' to avoid re-running this script phase.\necho \"SUCCESS\" > \"${SCRIPT_OUTPUT_FILE_0}\"\n";
			showEnvVarsInLog = 0;
		};
		90E9ABE5A803C38981045B5E /* [CP] Embed Pods Frameworks */ = {
			isa = PBXShellScriptBuildPhase;
			buildActionMask = 2147483647;
			files = (
			);
			inputFileListPaths = (
				"${PODS_ROOT}/Target Support Files/Pods-noah-common-Noah-Regtest/Pods-noah-common-Noah-Regtest-frameworks-${CONFIGURATION}-input-files.xcfilelist",
			);
			name = "[CP] Embed Pods Frameworks";
			outputFileListPaths = (
				"${PODS_ROOT}/Target Support Files/Pods-noah-common-Noah-Regtest/Pods-noah-common-Noah-Regtest-frameworks-${CONFIGURATION}-output-files.xcfilelist",
			);
			runOnlyForDeploymentPostprocessing = 0;
			shellPath = /bin/sh;
			shellScript = "\"${PODS_ROOT}/Target Support Files/Pods-noah-common-Noah-Regtest/Pods-noah-common-Noah-Regtest-frameworks.sh\"\n";
			showEnvVarsInLog = 0;
		};
		A0770F88AF30F9691ED52884 /* [CP] Embed Pods Frameworks */ = {
			isa = PBXShellScriptBuildPhase;
			buildActionMask = 2147483647;
			files = (
			);
			inputFileListPaths = (
				"${PODS_ROOT}/Target Support Files/Pods-noah-common-Noah-Signet/Pods-noah-common-Noah-Signet-frameworks-${CONFIGURATION}-input-files.xcfilelist",
			);
			name = "[CP] Embed Pods Frameworks";
			outputFileListPaths = (
				"${PODS_ROOT}/Target Support Files/Pods-noah-common-Noah-Signet/Pods-noah-common-Noah-Signet-frameworks-${CONFIGURATION}-output-files.xcfilelist",
			);
			runOnlyForDeploymentPostprocessing = 0;
			shellPath = /bin/sh;
			shellScript = "\"${PODS_ROOT}/Target Support Files/Pods-noah-common-Noah-Signet/Pods-noah-common-Noah-Signet-frameworks.sh\"\n";
			showEnvVarsInLog = 0;
		};
		ACBE09FE6E0ABD5213B64E0D /* [CP] Check Pods Manifest.lock */ = {
			isa = PBXShellScriptBuildPhase;
			buildActionMask = 2147483647;
			files = (
			);
			inputFileListPaths = (
			);
			inputPaths = (
				"${PODS_PODFILE_DIR_PATH}/Podfile.lock",
				"${PODS_ROOT}/Manifest.lock",
			);
			name = "[CP] Check Pods Manifest.lock";
			outputFileListPaths = (
			);
			outputPaths = (
				"$(DERIVED_FILE_DIR)/Pods-noah-common-Noah-checkManifestLockResult.txt",
			);
			runOnlyForDeploymentPostprocessing = 0;
			shellPath = /bin/sh;
			shellScript = "diff \"${PODS_PODFILE_DIR_PATH}/Podfile.lock\" \"${PODS_ROOT}/Manifest.lock\" > /dev/null\nif [ $? != 0 ] ; then\n    # print error to STDERR\n    echo \"error: The sandbox is not in sync with the Podfile.lock. Run 'pod install' or update your CocoaPods installation.\" >&2\n    exit 1\nfi\n# This output is used by Xcode 'outputs' to avoid re-running this script phase.\necho \"SUCCESS\" > \"${SCRIPT_OUTPUT_FILE_0}\"\n";
			showEnvVarsInLog = 0;
		};
		B7177045A6D1684CA40D7A03 /* [CP] Embed Pods Frameworks */ = {
			isa = PBXShellScriptBuildPhase;
			buildActionMask = 2147483647;
			files = (
			);
			inputFileListPaths = (
				"${PODS_ROOT}/Target Support Files/Pods-noah-common-Noah/Pods-noah-common-Noah-frameworks-${CONFIGURATION}-input-files.xcfilelist",
			);
			name = "[CP] Embed Pods Frameworks";
			outputFileListPaths = (
				"${PODS_ROOT}/Target Support Files/Pods-noah-common-Noah/Pods-noah-common-Noah-frameworks-${CONFIGURATION}-output-files.xcfilelist",
			);
			runOnlyForDeploymentPostprocessing = 0;
			shellPath = /bin/sh;
			shellScript = "\"${PODS_ROOT}/Target Support Files/Pods-noah-common-Noah/Pods-noah-common-Noah-frameworks.sh\"\n";
			showEnvVarsInLog = 0;
		};
		BECAABBDA6D84D68F2C64E7C /* [Expo] Configure project */ = {
			isa = PBXShellScriptBuildPhase;
			alwaysOutOfDate = 1;
			buildActionMask = 2147483647;
			files = (
			);
			inputFileListPaths = (
			);
			inputPaths = (
				"$(SRCROOT)/.xcode.env",
				"$(SRCROOT)/.xcode.env.local",
				"$(SRCROOT)/noah/noah.entitlements",
				"$(SRCROOT)/Pods/Target Support Files/Pods-noah-common-Noah/expo-configure-project.sh",
			);
			name = "[Expo] Configure project";
			outputFileListPaths = (
			);
			outputPaths = (
				"$(SRCROOT)/Pods/Target Support Files/Pods-noah-common-Noah/ExpoModulesProvider.swift",
			);
			runOnlyForDeploymentPostprocessing = 0;
			shellPath = /bin/sh;
			shellScript = "# This script configures Expo modules and generates the modules provider file.\nbash -l -c \"./Pods/Target\\ Support\\ Files/Pods-noah-common-Noah/expo-configure-project.sh\"\n";
		};
		C39DD7042E0C95AF000CB6A9 /* [Expo] Configure project */ = {
			isa = PBXShellScriptBuildPhase;
			alwaysOutOfDate = 1;
			buildActionMask = 2147483647;
			files = (
			);
			inputFileListPaths = (
			);
			inputPaths = (
				"$(SRCROOT)/.xcode.env",
				"$(SRCROOT)/.xcode.env.local",
				"$(SRCROOT)/noah/noah.entitlements",
				"$(SRCROOT)/Pods/Target Support Files/Pods-noah-common-Noah-Signet/expo-configure-project.sh",
			);
			name = "[Expo] Configure project";
			outputFileListPaths = (
			);
			outputPaths = (
				"$(SRCROOT)/Pods/Target Support Files/Pods-noah-common-Noah-Signet/ExpoModulesProvider.swift",
			);
			runOnlyForDeploymentPostprocessing = 0;
			shellPath = /bin/sh;
			shellScript = "# This script configures Expo modules and generates the modules provider file.\nbash -l -c \"./Pods/Target\\ Support\\ Files/Pods-noah-common-Noah-Signet/expo-configure-project.sh\"\n";
		};
		C39DD70F2E0C95AF000CB6A9 /* Bundle React Native code and images */ = {
			isa = PBXShellScriptBuildPhase;
			alwaysOutOfDate = 1;
			buildActionMask = 2147483647;
			files = (
			);
			inputPaths = (
			);
			name = "Bundle React Native code and images";
			outputPaths = (
			);
			runOnlyForDeploymentPostprocessing = 0;
			shellPath = /bin/sh;
			shellScript = "if [[ -f \"$PODS_ROOT/../.xcode.env\" ]]; then\n  source \"$PODS_ROOT/../.xcode.env\"\nfi\nif [[ -f \"$PODS_ROOT/../.xcode.env.local\" ]]; then\n  source \"$PODS_ROOT/../.xcode.env.local\"\nfi\n\n# The project root by default is one level up from the ios directory\nexport PROJECT_ROOT=\"$PROJECT_DIR\"/..\n\nif [[ \"$CONFIGURATION\" = *Debug* ]]; then\n  export SKIP_BUNDLING=1\nfi\nif [[ -z \"$ENTRY_FILE\" ]]; then\n  # Set the entry JS file using the bundler's entry resolution.\n  export ENTRY_FILE=\"$(\"$NODE_BINARY\" -e \"require('expo/scripts/resolveAppEntry')\" \"$PROJECT_ROOT\" ios absolute | tail -n 1)\"\nfi\n\nif [[ -z \"$CLI_PATH\" ]]; then\n  # Use Expo CLI\n  export CLI_PATH=\"$(\"$NODE_BINARY\" --print \"require.resolve('@expo/cli', { paths: [require.resolve('expo/package.json')] })\")\"\nfi\nif [[ -z \"$BUNDLE_COMMAND\" ]]; then\n  # Default Expo CLI command for bundling\n  export BUNDLE_COMMAND=\"export:embed\"\nfi\n\n# Source .xcode.env.updates if it exists to allow\n# SKIP_BUNDLING to be unset if needed\nif [[ -f \"$PODS_ROOT/../.xcode.env.updates\" ]]; then\n  source \"$PODS_ROOT/../.xcode.env.updates\"\nfi\n# Source local changes to allow overrides\n# if needed\nif [[ -f \"$PODS_ROOT/../.xcode.env.local\" ]]; then\n  source \"$PODS_ROOT/../.xcode.env.local\"\nfi\n\n`\"$NODE_BINARY\" --print \"require('path').dirname(require.resolve('react-native/package.json')) + '/scripts/react-native-xcode.sh'\"`\n\n";
		};
		C39DD7192E0C973E000CB6A9 /* [Expo] Configure project */ = {
			isa = PBXShellScriptBuildPhase;
			alwaysOutOfDate = 1;
			buildActionMask = 2147483647;
			files = (
			);
			inputFileListPaths = (
			);
			inputPaths = (
				"$(SRCROOT)/.xcode.env",
				"$(SRCROOT)/.xcode.env.local",
				"$(SRCROOT)/noah/noah.entitlements",
				"$(SRCROOT)/Pods/Target Support Files/Pods-noah-common-Noah-Regtest/expo-configure-project.sh",
			);
			name = "[Expo] Configure project";
			outputFileListPaths = (
			);
			outputPaths = (
				"$(SRCROOT)/Pods/Target Support Files/Pods-noah-common-Noah-Regtest/ExpoModulesProvider.swift",
			);
			runOnlyForDeploymentPostprocessing = 0;
			shellPath = /bin/sh;
			shellScript = "# This script configures Expo modules and generates the modules provider file.\nbash -l -c \"./Pods/Target\\ Support\\ Files/Pods-noah-common-Noah-Regtest/expo-configure-project.sh\"\n";
		};
		C39DD7242E0C973E000CB6A9 /* Bundle React Native code and images */ = {
			isa = PBXShellScriptBuildPhase;
			alwaysOutOfDate = 1;
			buildActionMask = 2147483647;
			files = (
			);
			inputPaths = (
			);
			name = "Bundle React Native code and images";
			outputPaths = (
			);
			runOnlyForDeploymentPostprocessing = 0;
			shellPath = /bin/sh;
			shellScript = "if [[ -f \"$PODS_ROOT/../.xcode.env\" ]]; then\n  source \"$PODS_ROOT/../.xcode.env\"\nfi\nif [[ -f \"$PODS_ROOT/../.xcode.env.local\" ]]; then\n  source \"$PODS_ROOT/../.xcode.env.local\"\nfi\n\n# The project root by default is one level up from the ios directory\nexport PROJECT_ROOT=\"$PROJECT_DIR\"/..\n\nif [[ \"$CONFIGURATION\" = *Debug* ]]; then\n  export SKIP_BUNDLING=1\nfi\nif [[ -z \"$ENTRY_FILE\" ]]; then\n  # Set the entry JS file using the bundler's entry resolution.\n  export ENTRY_FILE=\"$(\"$NODE_BINARY\" -e \"require('expo/scripts/resolveAppEntry')\" \"$PROJECT_ROOT\" ios absolute | tail -n 1)\"\nfi\n\nif [[ -z \"$CLI_PATH\" ]]; then\n  # Use Expo CLI\n  export CLI_PATH=\"$(\"$NODE_BINARY\" --print \"require.resolve('@expo/cli', { paths: [require.resolve('expo/package.json')] })\")\"\nfi\nif [[ -z \"$BUNDLE_COMMAND\" ]]; then\n  # Default Expo CLI command for bundling\n  export BUNDLE_COMMAND=\"export:embed\"\nfi\n\n# Source .xcode.env.updates if it exists to allow\n# SKIP_BUNDLING to be unset if needed\nif [[ -f \"$PODS_ROOT/../.xcode.env.updates\" ]]; then\n  source \"$PODS_ROOT/../.xcode.env.updates\"\nfi\n# Source local changes to allow overrides\n# if needed\nif [[ -f \"$PODS_ROOT/../.xcode.env.local\" ]]; then\n  source \"$PODS_ROOT/../.xcode.env.local\"\nfi\n\n`\"$NODE_BINARY\" --print \"require('path').dirname(require.resolve('react-native/package.json')) + '/scripts/react-native-xcode.sh'\"`\n\n";
		};
		C5FCC581670747C288FF9153 /* [Expo Dev Launcher] Strip Local Network Keys for Release */ = {
			isa = PBXShellScriptBuildPhase;
			buildActionMask = 2147483647;
			files = (
			);
			inputPaths = (
			);
			name = "[Expo Dev Launcher] Strip Local Network Keys for Release";
			outputPaths = (
			);
			runOnlyForDeploymentPostprocessing = 0;
			shellPath = /bin/sh;
			shellScript = "# Strip dev-launcher-specific local network permission keys from non-Debug builds\n# This only removes _expo._tcp Bonjour services and the dev-launcher usage description.\n# Other Bonjour services and custom descriptions are preserved for production use.\n\nif [ \"$CONFIGURATION\" != \"Debug\" ]; then\n  PLIST_PATH=\"${TARGET_BUILD_DIR}/${INFOPLIST_PATH}\"\n  if [ -f \"$PLIST_PATH\" ]; then\n    # Check if NSBonjourServices exists\n    if /usr/libexec/PlistBuddy -c \"Print :NSBonjourServices\" \"$PLIST_PATH\" >/dev/null 2>&1; then\n      # Get the count of services\n      COUNT=$(/usr/libexec/PlistBuddy -c \"Print :NSBonjourServices\" \"$PLIST_PATH\" 2>/dev/null | grep \"^    \" | wc -l | tr -d ' ')\n\n      # Remove _expo._tcp\n      for ((i=COUNT-1; i>=0; i--)); do\n        SERVICE=$(/usr/libexec/PlistBuddy -c \"Print :NSBonjourServices:$i\" \"$PLIST_PATH\" 2>/dev/null || echo \"\")\n        if echo \"$SERVICE\" | grep -q \"_expo._tcp\"; then\n          /usr/libexec/PlistBuddy -c \"Delete :NSBonjourServices:$i\" \"$PLIST_PATH\" 2>/dev/null || true\n        fi\n      done\n\n      # If the array is now empty, remove it entirely\n      REMAINING=$(/usr/libexec/PlistBuddy -c \"Print :NSBonjourServices\" \"$PLIST_PATH\" 2>/dev/null | grep \"^    \" | wc -l | tr -d ' ')\n      if [ \"$REMAINING\" -eq \"0\" ]; then\n        /usr/libexec/PlistBuddy -c \"Delete :NSBonjourServices\" \"$PLIST_PATH\" 2>/dev/null || true\n      fi\n    fi\n\n    # Only delete the description if it matches the dev-launcher default text\n    DESC=$(/usr/libexec/PlistBuddy -c \"Print :NSLocalNetworkUsageDescription\" \"$PLIST_PATH\" 2>/dev/null || echo \"\")\n    if echo \"$DESC\" | grep -q \"Expo Dev Launcher\"; then\n      /usr/libexec/PlistBuddy -c \"Delete :NSLocalNetworkUsageDescription\" \"$PLIST_PATH\" 2>/dev/null || true\n    fi\n  fi\nfi\n";
		};
/* End PBXShellScriptBuildPhase section */

/* Begin PBXSourcesBuildPhase section */
		13B07F871A680F5B00A75B9A /* Sources */ = {
			isa = PBXSourcesBuildPhase;
			buildActionMask = 2147483647;
			files = (
				F11748422D0307B40044C1D9 /* AppDelegate.swift in Sources */,
				90A46AE18A163BF183119CB6 /* ExpoModulesProvider.swift in Sources */,
			);
			runOnlyForDeploymentPostprocessing = 0;
		};
		C39DD7052E0C95AF000CB6A9 /* Sources */ = {
			isa = PBXSourcesBuildPhase;
			buildActionMask = 2147483647;
			files = (
				C39DD7062E0C95AF000CB6A9 /* AppDelegate.swift in Sources */,
				7DF2E503400EE172682AF07B /* ExpoModulesProvider.swift in Sources */,
			);
			runOnlyForDeploymentPostprocessing = 0;
		};
		C39DD71A2E0C973E000CB6A9 /* Sources */ = {
			isa = PBXSourcesBuildPhase;
			buildActionMask = 2147483647;
			files = (
				C39DD71B2E0C973E000CB6A9 /* AppDelegate.swift in Sources */,
				601942D0AB763A941862EDE2 /* ExpoModulesProvider.swift in Sources */,
			);
			runOnlyForDeploymentPostprocessing = 0;
		};
		C3C8E6FE2EC4DF3A00A7BF32 /* Sources */ = {
			isa = PBXSourcesBuildPhase;
			buildActionMask = 2147483647;
			files = (
				C3C8E7C02EC4E76200A7BF32 /* NoahBalanceWidget.swift in Sources */,
			);
			runOnlyForDeploymentPostprocessing = 0;
		};
		C3C8E71A2EC4DFD200A7BF32 /* Sources */ = {
			isa = PBXSourcesBuildPhase;
			buildActionMask = 2147483647;
			files = (
				C3C8E7BF2EC4E76200A7BF32 /* NoahBalanceWidget.swift in Sources */,
			);
			runOnlyForDeploymentPostprocessing = 0;
		};
		C3C8E7362EC4E26A00A7BF32 /* Sources */ = {
			isa = PBXSourcesBuildPhase;
			buildActionMask = 2147483647;
			files = (
				C3C8E7C12EC4E76200A7BF32 /* NoahBalanceWidget.swift in Sources */,
			);
			runOnlyForDeploymentPostprocessing = 0;
		};
/* End PBXSourcesBuildPhase section */

/* Begin PBXTargetDependency section */
		C3C8E7122EC4DF3C00A7BF32 /* PBXTargetDependency */ = {
			isa = PBXTargetDependency;
			target = C3C8E7012EC4DF3A00A7BF32 /* NoahWidgetSignetExtension */;
			targetProxy = C3C8E7112EC4DF3C00A7BF32 /* PBXContainerItemProxy */;
		};
		C3C8E72E2EC4DFD300A7BF32 /* PBXTargetDependency */ = {
			isa = PBXTargetDependency;
			target = C3C8E71D2EC4DFD200A7BF32 /* NoahWidgetMainnetExtension */;
			targetProxy = C3C8E72D2EC4DFD300A7BF32 /* PBXContainerItemProxy */;
		};
		C3C8E74A2EC4E26C00A7BF32 /* PBXTargetDependency */ = {
			isa = PBXTargetDependency;
			target = C3C8E7392EC4E26A00A7BF32 /* NoahWidgetRegtestExtension */;
			targetProxy = C3C8E7492EC4E26C00A7BF32 /* PBXContainerItemProxy */;
		};
/* End PBXTargetDependency section */

/* Begin XCBuildConfiguration section */
		13B07F941A680F5B00A75B9A /* Debug */ = {
			isa = XCBuildConfiguration;
			baseConfigurationReference = 4D0B0F63003860B7A3AD0D58 /* Pods-noah-common-Noah.debug.xcconfig */;
			buildSettings = {
				APP_VARIANT = mainnet;
				ASSETCATALOG_COMPILER_APPICON_NAME = noah;
				CLANG_ENABLE_MODULES = YES;
				CODE_SIGN_ENTITLEMENTS = noah/noah.entitlements;
				CURRENT_PROJECT_VERSION = 14;
				DEVELOPMENT_TEAM = AT26Z24V2Q;
				ENABLE_BITCODE = NO;
				GCC_PREPROCESSOR_DEFINITIONS = (
					"$(inherited)",
					"FB_SONARKIT_ENABLED=1",
				);
				INFOPLIST_FILE = noah/Info.plist;
				IPHONEOS_DEPLOYMENT_TARGET = 15.1;
				LD_RUNPATH_SEARCH_PATHS = (
					"$(inherited)",
					"@executable_path/Frameworks",
				);
				MARKETING_VERSION = 0.0.12;
				OTHER_LDFLAGS = (
					"$(inherited)",
					"-ObjC",
					"-lc++",
				);
				OTHER_SWIFT_FLAGS = "$(inherited) -D EXPO_CONFIGURATION_DEBUG";
				PRODUCT_BUNDLE_IDENTIFIER = com.noahwallet.mainnet;
				PRODUCT_NAME = "$(TARGET_NAME)";
				SWIFT_OBJC_BRIDGING_HEADER = "noah/noah-Bridging-Header.h";
				SWIFT_OPTIMIZATION_LEVEL = "-Onone";
				SWIFT_VERSION = 5.0;
				TARGETED_DEVICE_FAMILY = "1,2";
				VERSIONING_SYSTEM = "apple-generic";
			};
			name = Debug;
		};
		13B07F951A680F5B00A75B9A /* Release */ = {
			isa = XCBuildConfiguration;
			baseConfigurationReference = D26065DD04338ECF8AB23EB3 /* Pods-noah-common-Noah.release.xcconfig */;
			buildSettings = {
				APP_VARIANT = mainnet;
				ASSETCATALOG_COMPILER_APPICON_NAME = noah;
				CLANG_ENABLE_MODULES = YES;
				CODE_SIGN_ENTITLEMENTS = noah/noah.entitlements;
				CURRENT_PROJECT_VERSION = 14;
				DEVELOPMENT_TEAM = AT26Z24V2Q;
				INFOPLIST_FILE = noah/Info.plist;
				IPHONEOS_DEPLOYMENT_TARGET = 15.1;
				LD_RUNPATH_SEARCH_PATHS = (
					"$(inherited)",
					"@executable_path/Frameworks",
				);
				MARKETING_VERSION = 0.0.12;
				OTHER_LDFLAGS = (
					"$(inherited)",
					"-ObjC",
					"-lc++",
				);
				OTHER_SWIFT_FLAGS = "$(inherited) -D EXPO_CONFIGURATION_RELEASE";
				PRODUCT_BUNDLE_IDENTIFIER = com.noahwallet.mainnet;
				PRODUCT_NAME = "$(TARGET_NAME)";
				SWIFT_OBJC_BRIDGING_HEADER = "noah/noah-Bridging-Header.h";
				SWIFT_VERSION = 5.0;
				TARGETED_DEVICE_FAMILY = "1,2";
				VERSIONING_SYSTEM = "apple-generic";
			};
			name = Release;
		};
		83CBBA201A601CBA00E9B192 /* Debug */ = {
			isa = XCBuildConfiguration;
			buildSettings = {
				ALWAYS_SEARCH_USER_PATHS = NO;
				CLANG_ANALYZER_LOCALIZABILITY_NONLOCALIZED = YES;
				CLANG_CXX_LANGUAGE_STANDARD = "c++20";
				CLANG_CXX_LIBRARY = "libc++";
				CLANG_ENABLE_MODULES = YES;
				CLANG_ENABLE_OBJC_ARC = YES;
				CLANG_WARN_BLOCK_CAPTURE_AUTORELEASING = YES;
				CLANG_WARN_BOOL_CONVERSION = YES;
				CLANG_WARN_COMMA = YES;
				CLANG_WARN_CONSTANT_CONVERSION = YES;
				CLANG_WARN_DEPRECATED_OBJC_IMPLEMENTATIONS = YES;
				CLANG_WARN_DIRECT_OBJC_ISA_USAGE = YES_ERROR;
				CLANG_WARN_EMPTY_BODY = YES;
				CLANG_WARN_ENUM_CONVERSION = YES;
				CLANG_WARN_INFINITE_RECURSION = YES;
				CLANG_WARN_INT_CONVERSION = YES;
				CLANG_WARN_NON_LITERAL_NULL_CONVERSION = YES;
				CLANG_WARN_OBJC_IMPLICIT_RETAIN_SELF = YES;
				CLANG_WARN_OBJC_LITERAL_CONVERSION = YES;
				CLANG_WARN_OBJC_ROOT_CLASS = YES_ERROR;
				CLANG_WARN_RANGE_LOOP_ANALYSIS = YES;
				CLANG_WARN_STRICT_PROTOTYPES = YES;
				CLANG_WARN_SUSPICIOUS_MOVE = YES;
				CLANG_WARN_UNREACHABLE_CODE = YES;
				CLANG_WARN__DUPLICATE_METHOD_MATCH = YES;
				"CODE_SIGN_IDENTITY[sdk=iphoneos*]" = "iPhone Developer";
				COPY_PHASE_STRIP = NO;
				ENABLE_STRICT_OBJC_MSGSEND = YES;
				ENABLE_TESTABILITY = YES;
				GCC_C_LANGUAGE_STANDARD = gnu99;
				GCC_DYNAMIC_NO_PIC = NO;
				GCC_NO_COMMON_BLOCKS = YES;
				GCC_OPTIMIZATION_LEVEL = 0;
				GCC_PREPROCESSOR_DEFINITIONS = (
					"DEBUG=1",
					"$(inherited)",
				);
				GCC_SYMBOLS_PRIVATE_EXTERN = NO;
				GCC_WARN_64_TO_32_BIT_CONVERSION = YES;
				GCC_WARN_ABOUT_RETURN_TYPE = YES_ERROR;
				GCC_WARN_UNDECLARED_SELECTOR = YES;
				GCC_WARN_UNINITIALIZED_AUTOS = YES_AGGRESSIVE;
				GCC_WARN_UNUSED_FUNCTION = YES;
				GCC_WARN_UNUSED_VARIABLE = YES;
				IPHONEOS_DEPLOYMENT_TARGET = 15.1;
				LD_RUNPATH_SEARCH_PATHS = (
					/usr/lib/swift,
					"$(inherited)",
				);
				LIBRARY_SEARCH_PATHS = "$(SDKROOT)/usr/lib/swift\"$(inherited)\"";
				MTL_ENABLE_DEBUG_INFO = YES;
				ONLY_ACTIVE_ARCH = YES;
				OTHER_CFLAGS = "$(inherited)";
				OTHER_CPLUSPLUSFLAGS = "$(inherited)";
				OTHER_LDFLAGS = (
					"$(inherited)",
					" ",
				);
				REACT_NATIVE_PATH = "${PODS_ROOT}/../../../node_modules/react-native";
				SDKROOT = iphoneos;
				SWIFT_ACTIVE_COMPILATION_CONDITIONS = "$(inherited) DEBUG";
				SWIFT_ENABLE_EXPLICIT_MODULES = NO;
				USE_HERMES = true;
			};
			name = Debug;
		};
		83CBBA211A601CBA00E9B192 /* Release */ = {
			isa = XCBuildConfiguration;
			buildSettings = {
				ALWAYS_SEARCH_USER_PATHS = NO;
				CLANG_ANALYZER_LOCALIZABILITY_NONLOCALIZED = YES;
				CLANG_CXX_LANGUAGE_STANDARD = "c++20";
				CLANG_CXX_LIBRARY = "libc++";
				CLANG_ENABLE_MODULES = YES;
				CLANG_ENABLE_OBJC_ARC = YES;
				CLANG_WARN_BLOCK_CAPTURE_AUTORELEASING = YES;
				CLANG_WARN_BOOL_CONVERSION = YES;
				CLANG_WARN_COMMA = YES;
				CLANG_WARN_CONSTANT_CONVERSION = YES;
				CLANG_WARN_DEPRECATED_OBJC_IMPLEMENTATIONS = YES;
				CLANG_WARN_DIRECT_OBJC_ISA_USAGE = YES_ERROR;
				CLANG_WARN_EMPTY_BODY = YES;
				CLANG_WARN_ENUM_CONVERSION = YES;
				CLANG_WARN_INFINITE_RECURSION = YES;
				CLANG_WARN_INT_CONVERSION = YES;
				CLANG_WARN_NON_LITERAL_NULL_CONVERSION = YES;
				CLANG_WARN_OBJC_IMPLICIT_RETAIN_SELF = YES;
				CLANG_WARN_OBJC_LITERAL_CONVERSION = YES;
				CLANG_WARN_OBJC_ROOT_CLASS = YES_ERROR;
				CLANG_WARN_RANGE_LOOP_ANALYSIS = YES;
				CLANG_WARN_STRICT_PROTOTYPES = YES;
				CLANG_WARN_SUSPICIOUS_MOVE = YES;
				CLANG_WARN_UNREACHABLE_CODE = YES;
				CLANG_WARN__DUPLICATE_METHOD_MATCH = YES;
				"CODE_SIGN_IDENTITY[sdk=iphoneos*]" = "iPhone Developer";
				COPY_PHASE_STRIP = YES;
				ENABLE_NS_ASSERTIONS = NO;
				ENABLE_STRICT_OBJC_MSGSEND = YES;
				GCC_C_LANGUAGE_STANDARD = gnu99;
				GCC_NO_COMMON_BLOCKS = YES;
				GCC_WARN_64_TO_32_BIT_CONVERSION = YES;
				GCC_WARN_ABOUT_RETURN_TYPE = YES_ERROR;
				GCC_WARN_UNDECLARED_SELECTOR = YES;
				GCC_WARN_UNINITIALIZED_AUTOS = YES_AGGRESSIVE;
				GCC_WARN_UNUSED_FUNCTION = YES;
				GCC_WARN_UNUSED_VARIABLE = YES;
				IPHONEOS_DEPLOYMENT_TARGET = 15.1;
				LD_RUNPATH_SEARCH_PATHS = (
					/usr/lib/swift,
					"$(inherited)",
				);
				LIBRARY_SEARCH_PATHS = "$(SDKROOT)/usr/lib/swift\"$(inherited)\"";
				MTL_ENABLE_DEBUG_INFO = NO;
				OTHER_CFLAGS = "$(inherited)";
				OTHER_CPLUSPLUSFLAGS = "$(inherited)";
				OTHER_LDFLAGS = (
					"$(inherited)",
					" ",
				);
				REACT_NATIVE_PATH = "${PODS_ROOT}/../../../node_modules/react-native";
				SDKROOT = iphoneos;
				SWIFT_ENABLE_EXPLICIT_MODULES = NO;
				USE_HERMES = true;
				VALIDATE_PRODUCT = YES;
			};
			name = Release;
		};
		C39DD7132E0C95AF000CB6A9 /* Debug */ = {
			isa = XCBuildConfiguration;
			baseConfigurationReference = 4E07CF47789E44CB2CEDF091 /* Pods-noah-common-Noah-Signet.debug.xcconfig */;
			buildSettings = {
				APP_VARIANT = signet;
				ASSETCATALOG_COMPILER_APPICON_NAME = noah;
				CLANG_ENABLE_MODULES = YES;
				CODE_SIGN_ENTITLEMENTS = noah/noah.entitlements;
				CURRENT_PROJECT_VERSION = 14;
				DEVELOPMENT_TEAM = AT26Z24V2Q;
				ENABLE_BITCODE = NO;
				GCC_PREPROCESSOR_DEFINITIONS = (
					"$(inherited)",
					"FB_SONARKIT_ENABLED=1",
				);
				INFOPLIST_FILE = noah/Info.plist;
				IPHONEOS_DEPLOYMENT_TARGET = 15.1;
				LD_RUNPATH_SEARCH_PATHS = (
					"$(inherited)",
					"@executable_path/Frameworks",
				);
				MARKETING_VERSION = 0.0.12;
				OTHER_LDFLAGS = (
					"$(inherited)",
					"-ObjC",
					"-lc++",
				);
				OTHER_SWIFT_FLAGS = "$(inherited) -D EXPO_CONFIGURATION_DEBUG";
				PRODUCT_BUNDLE_IDENTIFIER = com.noahwallet.signet;
				PRODUCT_NAME = "$(TARGET_NAME)";
				SWIFT_OBJC_BRIDGING_HEADER = "noah/noah-Bridging-Header.h";
				SWIFT_OPTIMIZATION_LEVEL = "-Onone";
				SWIFT_VERSION = 5.0;
				TARGETED_DEVICE_FAMILY = "1,2";
				VERSIONING_SYSTEM = "apple-generic";
			};
			name = Debug;
		};
		C39DD7142E0C95AF000CB6A9 /* Release */ = {
			isa = XCBuildConfiguration;
			baseConfigurationReference = D7439A6C6C0CE490F2B8C022 /* Pods-noah-common-Noah-Signet.release.xcconfig */;
			buildSettings = {
				APP_VARIANT = signet;
				ASSETCATALOG_COMPILER_APPICON_NAME = noah;
				CLANG_ENABLE_MODULES = YES;
				CODE_SIGN_ENTITLEMENTS = noah/noah.entitlements;
				CURRENT_PROJECT_VERSION = 14;
				DEVELOPMENT_TEAM = AT26Z24V2Q;
				INFOPLIST_FILE = noah/Info.plist;
				IPHONEOS_DEPLOYMENT_TARGET = 15.1;
				LD_RUNPATH_SEARCH_PATHS = (
					"$(inherited)",
					"@executable_path/Frameworks",
				);
				MARKETING_VERSION = 0.0.12;
				OTHER_LDFLAGS = (
					"$(inherited)",
					"-ObjC",
					"-lc++",
				);
				OTHER_SWIFT_FLAGS = "$(inherited) -D EXPO_CONFIGURATION_RELEASE";
				PRODUCT_BUNDLE_IDENTIFIER = com.noahwallet.signet;
				PRODUCT_NAME = "$(TARGET_NAME)";
				SWIFT_OBJC_BRIDGING_HEADER = "noah/noah-Bridging-Header.h";
				SWIFT_OPTIMIZATION_LEVEL = "-O";
				SWIFT_VERSION = 5.0;
				TARGETED_DEVICE_FAMILY = "1,2";
				VERSIONING_SYSTEM = "apple-generic";
			};
			name = Release;
		};
		C39DD7282E0C973E000CB6A9 /* Debug */ = {
			isa = XCBuildConfiguration;
			baseConfigurationReference = E9866157C0A7235063C7E870 /* Pods-noah-common-Noah-Regtest.debug.xcconfig */;
			buildSettings = {
				APP_VARIANT = regtest;
				ASSETCATALOG_COMPILER_APPICON_NAME = noah;
				CLANG_ENABLE_MODULES = YES;
				CODE_SIGN_ENTITLEMENTS = noah/noah.entitlements;
				CURRENT_PROJECT_VERSION = 14;
				DEVELOPMENT_TEAM = AT26Z24V2Q;
				ENABLE_BITCODE = NO;
				GCC_PREPROCESSOR_DEFINITIONS = (
					"$(inherited)",
					"FB_SONARKIT_ENABLED=1",
				);
				INFOPLIST_FILE = noah/Info.plist;
				IPHONEOS_DEPLOYMENT_TARGET = 15.1;
				LD_RUNPATH_SEARCH_PATHS = (
					"$(inherited)",
					"@executable_path/Frameworks",
				);
				MARKETING_VERSION = 0.0.12;
				OTHER_LDFLAGS = (
					"$(inherited)",
					"-ObjC",
					"-lc++",
				);
				OTHER_SWIFT_FLAGS = "$(inherited) -D EXPO_CONFIGURATION_DEBUG";
				PRODUCT_BUNDLE_IDENTIFIER = com.noahwallet.regtest;
				PRODUCT_NAME = "$(TARGET_NAME)";
				SWIFT_OBJC_BRIDGING_HEADER = "noah/noah-Bridging-Header.h";
				SWIFT_OPTIMIZATION_LEVEL = "-Onone";
				SWIFT_VERSION = 5.0;
				TARGETED_DEVICE_FAMILY = "1,2";
				VERSIONING_SYSTEM = "apple-generic";
			};
			name = Debug;
		};
		C39DD7292E0C973E000CB6A9 /* Release */ = {
			isa = XCBuildConfiguration;
			baseConfigurationReference = 75115EA1F17F1C43B2D907F1 /* Pods-noah-common-Noah-Regtest.release.xcconfig */;
			buildSettings = {
				APP_VARIANT = regtest;
				ASSETCATALOG_COMPILER_APPICON_NAME = noah;
				CLANG_ENABLE_MODULES = YES;
				CODE_SIGN_ENTITLEMENTS = noah/noah.entitlements;
				CURRENT_PROJECT_VERSION = 14;
				DEVELOPMENT_TEAM = AT26Z24V2Q;
				INFOPLIST_FILE = noah/Info.plist;
				IPHONEOS_DEPLOYMENT_TARGET = 15.1;
				LD_RUNPATH_SEARCH_PATHS = (
					"$(inherited)",
					"@executable_path/Frameworks",
				);
				MARKETING_VERSION = 0.0.12;
				OTHER_LDFLAGS = (
					"$(inherited)",
					"-ObjC",
					"-lc++",
				);
				OTHER_SWIFT_FLAGS = "$(inherited) -D EXPO_CONFIGURATION_RELEASE";
				PRODUCT_BUNDLE_IDENTIFIER = com.noahwallet.regtest;
				PRODUCT_NAME = "$(TARGET_NAME)";
				SWIFT_OBJC_BRIDGING_HEADER = "noah/noah-Bridging-Header.h";
				SWIFT_VERSION = 5.0;
				TARGETED_DEVICE_FAMILY = "1,2";
				VERSIONING_SYSTEM = "apple-generic";
			};
			name = Release;
		};
		C3C8E7152EC4DF3C00A7BF32 /* Debug */ = {
			isa = XCBuildConfiguration;
			buildSettings = {
				ASSETCATALOG_COMPILER_GENERATE_SWIFT_ASSET_SYMBOL_EXTENSIONS = YES;
				ASSETCATALOG_COMPILER_GLOBAL_ACCENT_COLOR_NAME = AccentColor;
				ASSETCATALOG_COMPILER_WIDGET_BACKGROUND_COLOR_NAME = WidgetBackground;
				CLANG_ANALYZER_NONNULL = YES;
				CLANG_ANALYZER_NUMBER_OBJECT_CONVERSION = YES_AGGRESSIVE;
				CLANG_CXX_LANGUAGE_STANDARD = "gnu++20";
				CLANG_ENABLE_OBJC_WEAK = YES;
				CLANG_WARN_DOCUMENTATION_COMMENTS = YES;
				CLANG_WARN_QUOTED_INCLUDE_IN_FRAMEWORK_HEADER = YES;
				CLANG_WARN_UNGUARDED_AVAILABILITY = YES_AGGRESSIVE;
				CODE_SIGN_ENTITLEMENTS = NoahWidgetSignetExtension.entitlements;
				CODE_SIGN_STYLE = Automatic;
				CURRENT_PROJECT_VERSION = 14;
				DEBUG_INFORMATION_FORMAT = dwarf;
				DEVELOPMENT_TEAM = AT26Z24V2Q;
				ENABLE_USER_SCRIPT_SANDBOXING = YES;
				GCC_C_LANGUAGE_STANDARD = gnu17;
				GENERATE_INFOPLIST_FILE = YES;
				INFOPLIST_FILE = NoahWidgetSignet/Info.plist;
				INFOPLIST_KEY_CFBundleDisplayName = NoahWidgetSignet;
				INFOPLIST_KEY_NSHumanReadableCopyright = "";
				IPHONEOS_DEPLOYMENT_TARGET = 17.6;
				LD_RUNPATH_SEARCH_PATHS = (
					"$(inherited)",
					"@executable_path/Frameworks",
					"@executable_path/../../Frameworks",
				);
				LOCALIZATION_PREFERS_STRING_CATALOGS = YES;
				MARKETING_VERSION = 0.0.12;
				MTL_ENABLE_DEBUG_INFO = INCLUDE_SOURCE;
				MTL_FAST_MATH = YES;
				OTHER_SWIFT_FLAGS = "$(inherited) -D EXPO_CONFIGURATION_DEBUG";
				PRODUCT_BUNDLE_IDENTIFIER = com.noahwallet.signet.NoahWidgetSignet;
				PRODUCT_NAME = "$(TARGET_NAME)";
				SKIP_INSTALL = YES;
				STRING_CATALOG_GENERATE_SYMBOLS = YES;
				SWIFT_ACTIVE_COMPILATION_CONDITIONS = "DEBUG $(inherited)";
				SWIFT_APPROACHABLE_CONCURRENCY = YES;
				SWIFT_EMIT_LOC_STRINGS = YES;
				SWIFT_OPTIMIZATION_LEVEL = "-Onone";
				SWIFT_UPCOMING_FEATURE_MEMBER_IMPORT_VISIBILITY = YES;
				SWIFT_VERSION = 5.0;
				TARGETED_DEVICE_FAMILY = "1,2";
			};
			name = Debug;
		};
		C3C8E7162EC4DF3C00A7BF32 /* Release */ = {
			isa = XCBuildConfiguration;
			buildSettings = {
				ASSETCATALOG_COMPILER_GENERATE_SWIFT_ASSET_SYMBOL_EXTENSIONS = YES;
				ASSETCATALOG_COMPILER_GLOBAL_ACCENT_COLOR_NAME = AccentColor;
				ASSETCATALOG_COMPILER_WIDGET_BACKGROUND_COLOR_NAME = WidgetBackground;
				CLANG_ANALYZER_NONNULL = YES;
				CLANG_ANALYZER_NUMBER_OBJECT_CONVERSION = YES_AGGRESSIVE;
				CLANG_CXX_LANGUAGE_STANDARD = "gnu++20";
				CLANG_ENABLE_OBJC_WEAK = YES;
				CLANG_WARN_DOCUMENTATION_COMMENTS = YES;
				CLANG_WARN_QUOTED_INCLUDE_IN_FRAMEWORK_HEADER = YES;
				CLANG_WARN_UNGUARDED_AVAILABILITY = YES_AGGRESSIVE;
				CODE_SIGN_ENTITLEMENTS = NoahWidgetSignetExtension.entitlements;
				CODE_SIGN_STYLE = Automatic;
				COPY_PHASE_STRIP = NO;
				CURRENT_PROJECT_VERSION = 14;
				DEBUG_INFORMATION_FORMAT = "dwarf-with-dsym";
				DEVELOPMENT_TEAM = AT26Z24V2Q;
				ENABLE_USER_SCRIPT_SANDBOXING = YES;
				GCC_C_LANGUAGE_STANDARD = gnu17;
				GENERATE_INFOPLIST_FILE = YES;
				INFOPLIST_FILE = NoahWidgetSignet/Info.plist;
				INFOPLIST_KEY_CFBundleDisplayName = NoahWidgetSignet;
				INFOPLIST_KEY_NSHumanReadableCopyright = "";
				IPHONEOS_DEPLOYMENT_TARGET = 17.6;
				LD_RUNPATH_SEARCH_PATHS = (
					"$(inherited)",
					"@executable_path/Frameworks",
					"@executable_path/../../Frameworks",
				);
				LOCALIZATION_PREFERS_STRING_CATALOGS = YES;
				MARKETING_VERSION = 0.0.12;
				MTL_FAST_MATH = YES;
				OTHER_SWIFT_FLAGS = "$(inherited) -D EXPO_CONFIGURATION_RELEASE";
				PRODUCT_BUNDLE_IDENTIFIER = com.noahwallet.signet.NoahWidgetSignet;
				PRODUCT_NAME = "$(TARGET_NAME)";
				SKIP_INSTALL = YES;
				STRING_CATALOG_GENERATE_SYMBOLS = YES;
				SWIFT_APPROACHABLE_CONCURRENCY = YES;
				SWIFT_COMPILATION_MODE = wholemodule;
				SWIFT_EMIT_LOC_STRINGS = YES;
				SWIFT_UPCOMING_FEATURE_MEMBER_IMPORT_VISIBILITY = YES;
				SWIFT_VERSION = 5.0;
				TARGETED_DEVICE_FAMILY = "1,2";
			};
			name = Release;
		};
		C3C8E7322EC4DFD300A7BF32 /* Debug */ = {
			isa = XCBuildConfiguration;
			buildSettings = {
				ASSETCATALOG_COMPILER_GENERATE_SWIFT_ASSET_SYMBOL_EXTENSIONS = YES;
				ASSETCATALOG_COMPILER_GLOBAL_ACCENT_COLOR_NAME = AccentColor;
				ASSETCATALOG_COMPILER_WIDGET_BACKGROUND_COLOR_NAME = WidgetBackground;
				CLANG_ANALYZER_NONNULL = YES;
				CLANG_ANALYZER_NUMBER_OBJECT_CONVERSION = YES_AGGRESSIVE;
				CLANG_CXX_LANGUAGE_STANDARD = "gnu++20";
				CLANG_ENABLE_OBJC_WEAK = YES;
				CLANG_WARN_DOCUMENTATION_COMMENTS = YES;
				CLANG_WARN_QUOTED_INCLUDE_IN_FRAMEWORK_HEADER = YES;
				CLANG_WARN_UNGUARDED_AVAILABILITY = YES_AGGRESSIVE;
				CODE_SIGN_ENTITLEMENTS = NoahWidgetMainnetExtension.entitlements;
				CODE_SIGN_STYLE = Automatic;
				CURRENT_PROJECT_VERSION = 14;
				DEBUG_INFORMATION_FORMAT = dwarf;
				DEVELOPMENT_TEAM = AT26Z24V2Q;
				ENABLE_USER_SCRIPT_SANDBOXING = YES;
				GCC_C_LANGUAGE_STANDARD = gnu17;
				GENERATE_INFOPLIST_FILE = YES;
				INFOPLIST_FILE = NoahWidgetMainnet/Info.plist;
				INFOPLIST_KEY_CFBundleDisplayName = NoahWidgetMainnet;
				INFOPLIST_KEY_NSHumanReadableCopyright = "";
				IPHONEOS_DEPLOYMENT_TARGET = 17.6;
				LD_RUNPATH_SEARCH_PATHS = (
					"$(inherited)",
					"@executable_path/Frameworks",
					"@executable_path/../../Frameworks",
				);
				LOCALIZATION_PREFERS_STRING_CATALOGS = YES;
				MARKETING_VERSION = 0.0.12;
				MTL_ENABLE_DEBUG_INFO = INCLUDE_SOURCE;
				MTL_FAST_MATH = YES;
				OTHER_SWIFT_FLAGS = "$(inherited) -D EXPO_CONFIGURATION_DEBUG";
				PRODUCT_BUNDLE_IDENTIFIER = com.noahwallet.mainnet.NoahWidgetMainnet;
				PRODUCT_NAME = "$(TARGET_NAME)";
				SKIP_INSTALL = YES;
				STRING_CATALOG_GENERATE_SYMBOLS = YES;
				SWIFT_ACTIVE_COMPILATION_CONDITIONS = "DEBUG $(inherited)";
				SWIFT_APPROACHABLE_CONCURRENCY = YES;
				SWIFT_EMIT_LOC_STRINGS = YES;
				SWIFT_OPTIMIZATION_LEVEL = "-Onone";
				SWIFT_UPCOMING_FEATURE_MEMBER_IMPORT_VISIBILITY = YES;
				SWIFT_VERSION = 5.0;
				TARGETED_DEVICE_FAMILY = "1,2";
			};
			name = Debug;
		};
		C3C8E7332EC4DFD300A7BF32 /* Release */ = {
			isa = XCBuildConfiguration;
			buildSettings = {
				ASSETCATALOG_COMPILER_GENERATE_SWIFT_ASSET_SYMBOL_EXTENSIONS = YES;
				ASSETCATALOG_COMPILER_GLOBAL_ACCENT_COLOR_NAME = AccentColor;
				ASSETCATALOG_COMPILER_WIDGET_BACKGROUND_COLOR_NAME = WidgetBackground;
				CLANG_ANALYZER_NONNULL = YES;
				CLANG_ANALYZER_NUMBER_OBJECT_CONVERSION = YES_AGGRESSIVE;
				CLANG_CXX_LANGUAGE_STANDARD = "gnu++20";
				CLANG_ENABLE_OBJC_WEAK = YES;
				CLANG_WARN_DOCUMENTATION_COMMENTS = YES;
				CLANG_WARN_QUOTED_INCLUDE_IN_FRAMEWORK_HEADER = YES;
				CLANG_WARN_UNGUARDED_AVAILABILITY = YES_AGGRESSIVE;
				CODE_SIGN_ENTITLEMENTS = NoahWidgetMainnetExtension.entitlements;
				CODE_SIGN_STYLE = Automatic;
				COPY_PHASE_STRIP = NO;
				CURRENT_PROJECT_VERSION = 14;
				DEBUG_INFORMATION_FORMAT = "dwarf-with-dsym";
				DEVELOPMENT_TEAM = AT26Z24V2Q;
				ENABLE_USER_SCRIPT_SANDBOXING = YES;
				GCC_C_LANGUAGE_STANDARD = gnu17;
				GENERATE_INFOPLIST_FILE = YES;
				INFOPLIST_FILE = NoahWidgetMainnet/Info.plist;
				INFOPLIST_KEY_CFBundleDisplayName = NoahWidgetMainnet;
				INFOPLIST_KEY_NSHumanReadableCopyright = "";
				IPHONEOS_DEPLOYMENT_TARGET = 17.6;
				LD_RUNPATH_SEARCH_PATHS = (
					"$(inherited)",
					"@executable_path/Frameworks",
					"@executable_path/../../Frameworks",
				);
				LOCALIZATION_PREFERS_STRING_CATALOGS = YES;
				MARKETING_VERSION = 0.0.12;
				MTL_FAST_MATH = YES;
				OTHER_SWIFT_FLAGS = "$(inherited) -D EXPO_CONFIGURATION_RELEASE";
				PRODUCT_BUNDLE_IDENTIFIER = com.noahwallet.mainnet.NoahWidgetMainnet;
				PRODUCT_NAME = "$(TARGET_NAME)";
				SKIP_INSTALL = YES;
				STRING_CATALOG_GENERATE_SYMBOLS = YES;
				SWIFT_APPROACHABLE_CONCURRENCY = YES;
				SWIFT_COMPILATION_MODE = wholemodule;
				SWIFT_EMIT_LOC_STRINGS = YES;
				SWIFT_UPCOMING_FEATURE_MEMBER_IMPORT_VISIBILITY = YES;
				SWIFT_VERSION = 5.0;
				TARGETED_DEVICE_FAMILY = "1,2";
			};
			name = Release;
		};
		C3C8E74E2EC4E26C00A7BF32 /* Debug */ = {
			isa = XCBuildConfiguration;
			buildSettings = {
				ASSETCATALOG_COMPILER_GENERATE_SWIFT_ASSET_SYMBOL_EXTENSIONS = YES;
				ASSETCATALOG_COMPILER_GLOBAL_ACCENT_COLOR_NAME = AccentColor;
				ASSETCATALOG_COMPILER_WIDGET_BACKGROUND_COLOR_NAME = WidgetBackground;
				CLANG_ANALYZER_NONNULL = YES;
				CLANG_ANALYZER_NUMBER_OBJECT_CONVERSION = YES_AGGRESSIVE;
				CLANG_CXX_LANGUAGE_STANDARD = "gnu++20";
				CLANG_ENABLE_OBJC_WEAK = YES;
				CLANG_WARN_DOCUMENTATION_COMMENTS = YES;
				CLANG_WARN_QUOTED_INCLUDE_IN_FRAMEWORK_HEADER = YES;
				CLANG_WARN_UNGUARDED_AVAILABILITY = YES_AGGRESSIVE;
				CODE_SIGN_ENTITLEMENTS = NoahWidgetRegtestExtension.entitlements;
				CODE_SIGN_STYLE = Automatic;
				CURRENT_PROJECT_VERSION = 14;
				DEBUG_INFORMATION_FORMAT = dwarf;
				DEVELOPMENT_TEAM = AT26Z24V2Q;
				ENABLE_USER_SCRIPT_SANDBOXING = YES;
				GCC_C_LANGUAGE_STANDARD = gnu17;
				GENERATE_INFOPLIST_FILE = YES;
				INFOPLIST_FILE = NoahWidgetRegtest/Info.plist;
				INFOPLIST_KEY_CFBundleDisplayName = NoahWidgetRegtest;
				INFOPLIST_KEY_NSHumanReadableCopyright = "";
				IPHONEOS_DEPLOYMENT_TARGET = 17.6;
				LD_RUNPATH_SEARCH_PATHS = (
					"$(inherited)",
					"@executable_path/Frameworks",
					"@executable_path/../../Frameworks",
				);
				LOCALIZATION_PREFERS_STRING_CATALOGS = YES;
				MARKETING_VERSION = 0.0.12;
				MTL_ENABLE_DEBUG_INFO = INCLUDE_SOURCE;
				MTL_FAST_MATH = YES;
				OTHER_SWIFT_FLAGS = "$(inherited) -D EXPO_CONFIGURATION_DEBUG";
				PRODUCT_BUNDLE_IDENTIFIER = com.noahwallet.regtest.NoahWidgetRegtest;
				PRODUCT_NAME = "$(TARGET_NAME)";
				SKIP_INSTALL = YES;
				STRING_CATALOG_GENERATE_SYMBOLS = YES;
				SWIFT_ACTIVE_COMPILATION_CONDITIONS = "DEBUG $(inherited)";
				SWIFT_APPROACHABLE_CONCURRENCY = YES;
				SWIFT_EMIT_LOC_STRINGS = YES;
				SWIFT_OPTIMIZATION_LEVEL = "-Onone";
				SWIFT_UPCOMING_FEATURE_MEMBER_IMPORT_VISIBILITY = YES;
				SWIFT_VERSION = 5.0;
				TARGETED_DEVICE_FAMILY = "1,2";
			};
			name = Debug;
		};
		C3C8E74F2EC4E26C00A7BF32 /* Release */ = {
			isa = XCBuildConfiguration;
			buildSettings = {
				ASSETCATALOG_COMPILER_GENERATE_SWIFT_ASSET_SYMBOL_EXTENSIONS = YES;
				ASSETCATALOG_COMPILER_GLOBAL_ACCENT_COLOR_NAME = AccentColor;
				ASSETCATALOG_COMPILER_WIDGET_BACKGROUND_COLOR_NAME = WidgetBackground;
				CLANG_ANALYZER_NONNULL = YES;
				CLANG_ANALYZER_NUMBER_OBJECT_CONVERSION = YES_AGGRESSIVE;
				CLANG_CXX_LANGUAGE_STANDARD = "gnu++20";
				CLANG_ENABLE_OBJC_WEAK = YES;
				CLANG_WARN_DOCUMENTATION_COMMENTS = YES;
				CLANG_WARN_QUOTED_INCLUDE_IN_FRAMEWORK_HEADER = YES;
				CLANG_WARN_UNGUARDED_AVAILABILITY = YES_AGGRESSIVE;
				CODE_SIGN_ENTITLEMENTS = NoahWidgetRegtestExtension.entitlements;
				CODE_SIGN_STYLE = Automatic;
				COPY_PHASE_STRIP = NO;
				CURRENT_PROJECT_VERSION = 14;
				DEBUG_INFORMATION_FORMAT = "dwarf-with-dsym";
				DEVELOPMENT_TEAM = AT26Z24V2Q;
				ENABLE_USER_SCRIPT_SANDBOXING = YES;
				GCC_C_LANGUAGE_STANDARD = gnu17;
				GENERATE_INFOPLIST_FILE = YES;
				INFOPLIST_FILE = NoahWidgetRegtest/Info.plist;
				INFOPLIST_KEY_CFBundleDisplayName = NoahWidgetRegtest;
				INFOPLIST_KEY_NSHumanReadableCopyright = "";
				IPHONEOS_DEPLOYMENT_TARGET = 17.6;
				LD_RUNPATH_SEARCH_PATHS = (
					"$(inherited)",
					"@executable_path/Frameworks",
					"@executable_path/../../Frameworks",
				);
				LOCALIZATION_PREFERS_STRING_CATALOGS = YES;
				MARKETING_VERSION = 0.0.12;
				MTL_FAST_MATH = YES;
				OTHER_SWIFT_FLAGS = "$(inherited) -D EXPO_CONFIGURATION_RELEASE";
				PRODUCT_BUNDLE_IDENTIFIER = com.noahwallet.regtest.NoahWidgetRegtest;
				PRODUCT_NAME = "$(TARGET_NAME)";
				SKIP_INSTALL = YES;
				STRING_CATALOG_GENERATE_SYMBOLS = YES;
				SWIFT_APPROACHABLE_CONCURRENCY = YES;
				SWIFT_COMPILATION_MODE = wholemodule;
				SWIFT_EMIT_LOC_STRINGS = YES;
				SWIFT_UPCOMING_FEATURE_MEMBER_IMPORT_VISIBILITY = YES;
				SWIFT_VERSION = 5.0;
				TARGETED_DEVICE_FAMILY = "1,2";
			};
			name = Release;
		};
/* End XCBuildConfiguration section */

/* Begin XCConfigurationList section */
		13B07F931A680F5B00A75B9A /* Build configuration list for PBXNativeTarget "Noah" */ = {
			isa = XCConfigurationList;
			buildConfigurations = (
				13B07F941A680F5B00A75B9A /* Debug */,
				13B07F951A680F5B00A75B9A /* Release */,
			);
			defaultConfigurationIsVisible = 0;
			defaultConfigurationName = Release;
		};
		83CBB9FA1A601CBA00E9B192 /* Build configuration list for PBXProject "Noah" */ = {
			isa = XCConfigurationList;
			buildConfigurations = (
				83CBBA201A601CBA00E9B192 /* Debug */,
				83CBBA211A601CBA00E9B192 /* Release */,
			);
			defaultConfigurationIsVisible = 0;
			defaultConfigurationName = Release;
		};
		C39DD7122E0C95AF000CB6A9 /* Build configuration list for PBXNativeTarget "Noah-Signet" */ = {
			isa = XCConfigurationList;
			buildConfigurations = (
				C39DD7132E0C95AF000CB6A9 /* Debug */,
				C39DD7142E0C95AF000CB6A9 /* Release */,
			);
			defaultConfigurationIsVisible = 0;
			defaultConfigurationName = Release;
		};
		C39DD7272E0C973E000CB6A9 /* Build configuration list for PBXNativeTarget "Noah-Regtest" */ = {
			isa = XCConfigurationList;
			buildConfigurations = (
				C39DD7282E0C973E000CB6A9 /* Debug */,
				C39DD7292E0C973E000CB6A9 /* Release */,
			);
			defaultConfigurationIsVisible = 0;
			defaultConfigurationName = Release;
		};
		C3C8E7182EC4DF3C00A7BF32 /* Build configuration list for PBXNativeTarget "NoahWidgetSignetExtension" */ = {
			isa = XCConfigurationList;
			buildConfigurations = (
				C3C8E7152EC4DF3C00A7BF32 /* Debug */,
				C3C8E7162EC4DF3C00A7BF32 /* Release */,
			);
			defaultConfigurationIsVisible = 0;
			defaultConfigurationName = Release;
		};
		C3C8E7312EC4DFD300A7BF32 /* Build configuration list for PBXNativeTarget "NoahWidgetMainnetExtension" */ = {
			isa = XCConfigurationList;
			buildConfigurations = (
				C3C8E7322EC4DFD300A7BF32 /* Debug */,
				C3C8E7332EC4DFD300A7BF32 /* Release */,
			);
			defaultConfigurationIsVisible = 0;
			defaultConfigurationName = Release;
		};
		C3C8E74D2EC4E26C00A7BF32 /* Build configuration list for PBXNativeTarget "NoahWidgetRegtestExtension" */ = {
			isa = XCConfigurationList;
			buildConfigurations = (
				C3C8E74E2EC4E26C00A7BF32 /* Debug */,
				C3C8E74F2EC4E26C00A7BF32 /* Release */,
			);
			defaultConfigurationIsVisible = 0;
			defaultConfigurationName = Release;
		};
/* End XCConfigurationList section */
	};
	rootObject = 83CBB9F71A601CBA00E9B192 /* Project object */;
}
